// !$*UTF8*$!
{
	archiveVersion = 1;
	classes = {
	};
	objectVersion = 56;
	objects = {

/* Begin PBXBuildFile section */
		CE5837772C4D096F008CF92B /* WebViewViewControllerProtocol.swift in Sources */ = {isa = PBXBuildFile; fileRef = CE5837762C4D096F008CF92B /* WebViewViewControllerProtocol.swift */; };
		CE5837792C4D0982008CF92B /* WebViewPresenterProtocol.swift in Sources */ = {isa = PBXBuildFile; fileRef = CE5837782C4D0982008CF92B /* WebViewPresenterProtocol.swift */; };
		CE58377B2C4D0A63008CF92B /* WebViewPresenter.swift in Sources */ = {isa = PBXBuildFile; fileRef = CE58377A2C4D0A63008CF92B /* WebViewPresenter.swift */; };
		CE58377D2C4D4364008CF92B /* AuthConfiguration.swift in Sources */ = {isa = PBXBuildFile; fileRef = CE58377C2C4D4364008CF92B /* AuthConfiguration.swift */; };
		CE58377F2C4D4511008CF92B /* AuthHelperProtocol.swift in Sources */ = {isa = PBXBuildFile; fileRef = CE58377E2C4D4511008CF92B /* AuthHelperProtocol.swift */; };
		CE5837812C4D4567008CF92B /* AuthHelper.swift in Sources */ = {isa = PBXBuildFile; fileRef = CE5837802C4D4567008CF92B /* AuthHelper.swift */; };
		CE5837892C4D5024008CF92B /* WebViewTests.swift in Sources */ = {isa = PBXBuildFile; fileRef = CE5837882C4D5024008CF92B /* WebViewTests.swift */; };
		CE5837912C4D521B008CF92B /* WebViewPresenterSpy.swift in Sources */ = {isa = PBXBuildFile; fileRef = CE5837902C4D521B008CF92B /* WebViewPresenterSpy.swift */; };
		CE5837932C4D5758008CF92B /* WebViewViewControllerSpy.swift in Sources */ = {isa = PBXBuildFile; fileRef = CE5837922C4D5758008CF92B /* WebViewViewControllerSpy.swift */; };
		CE5837952C4EA678008CF92B /* ProfileViewControllerProtocol.swift in Sources */ = {isa = PBXBuildFile; fileRef = CE5837942C4EA678008CF92B /* ProfileViewControllerProtocol.swift */; };
		CE5837972C4EA69C008CF92B /* ProfilePresenterProtocol.swift in Sources */ = {isa = PBXBuildFile; fileRef = CE5837962C4EA69C008CF92B /* ProfilePresenterProtocol.swift */; };
		CE5837992C4EA6B3008CF92B /* ImagesListViewControllerProtocol.swift in Sources */ = {isa = PBXBuildFile; fileRef = CE5837982C4EA6B3008CF92B /* ImagesListViewControllerProtocol.swift */; };
		CE58379B2C4EA6C3008CF92B /* ImagesListPresenterProtocol.swift in Sources */ = {isa = PBXBuildFile; fileRef = CE58379A2C4EA6C3008CF92B /* ImagesListPresenterProtocol.swift */; };
		CE58379D2C4EADC6008CF92B /* ProfilePresenter.swift in Sources */ = {isa = PBXBuildFile; fileRef = CE58379C2C4EADC6008CF92B /* ProfilePresenter.swift */; };
		CE58379F2C4ED4DA008CF92B /* ImagesListPresenter.swift in Sources */ = {isa = PBXBuildFile; fileRef = CE58379E2C4ED4DA008CF92B /* ImagesListPresenter.swift */; };
		CE5837A12C4FF493008CF92B /* ProfileViewTests.swift in Sources */ = {isa = PBXBuildFile; fileRef = CE5837A02C4FF493008CF92B /* ProfileViewTests.swift */; };
		CE5837A32C4FF593008CF92B /* ProfilePresenterSpy.swift in Sources */ = {isa = PBXBuildFile; fileRef = CE5837A22C4FF593008CF92B /* ProfilePresenterSpy.swift */; };
		CE5837A52C4FFA73008CF92B /* ProfileViewControllerMock.swift in Sources */ = {isa = PBXBuildFile; fileRef = CE5837A42C4FFA73008CF92B /* ProfileViewControllerMock.swift */; };
		CE5837AF2C5012F1008CF92B /* ProfileLogoutServiceProtocol.swift in Sources */ = {isa = PBXBuildFile; fileRef = CE5837AE2C5012F1008CF92B /* ProfileLogoutServiceProtocol.swift */; };
		CE5837B12C501375008CF92B /* ProfileServicesMock.swift in Sources */ = {isa = PBXBuildFile; fileRef = CE5837B02C501375008CF92B /* ProfileServicesMock.swift */; };
		CE5837B32C501500008CF92B /* ProfileServiceProtocol.swift in Sources */ = {isa = PBXBuildFile; fileRef = CE5837B22C501500008CF92B /* ProfileServiceProtocol.swift */; };
		CE5837B52C50181E008CF92B /* ProfileImageServiceProtocol.swift in Sources */ = {isa = PBXBuildFile; fileRef = CE5837B42C50181D008CF92B /* ProfileImageServiceProtocol.swift */; };
		CE5837BD2C501E36008CF92B /* ImagesListTests.swift in Sources */ = {isa = PBXBuildFile; fileRef = CE5837BC2C501E36008CF92B /* ImagesListTests.swift */; };
		CE5837BF2C502473008CF92B /* ImagesListPresenterSpy.swift in Sources */ = {isa = PBXBuildFile; fileRef = CE5837BE2C502473008CF92B /* ImagesListPresenterSpy.swift */; };
		CE5837C12C502806008CF92B /* ImagesListServicesMock.swift in Sources */ = {isa = PBXBuildFile; fileRef = CE5837C02C502806008CF92B /* ImagesListServicesMock.swift */; };
		CE5837C32C502820008CF92B /* ImagesListServiceProtocol.swift in Sources */ = {isa = PBXBuildFile; fileRef = CE5837C22C502820008CF92B /* ImagesListServiceProtocol.swift */; };
		CE5837C52C502971008CF92B /* OAuth2TokenStorageProtocol.swift in Sources */ = {isa = PBXBuildFile; fileRef = CE5837C42C502971008CF92B /* OAuth2TokenStorageProtocol.swift */; };
		CE5837C72C5030F1008CF92B /* ImagesListViewControllerSpy.swift in Sources */ = {isa = PBXBuildFile; fileRef = CE5837C62C5030F1008CF92B /* ImagesListViewControllerSpy.swift */; };
		CE5837CF2C50497B008CF92B /* ImageFeedUITests.swift in Sources */ = {isa = PBXBuildFile; fileRef = CE5837CE2C50497B008CF92B /* ImageFeedUITests.swift */; };
		CE5837D12C50497B008CF92B /* ImageFeedUITestsLaunchTests.swift in Sources */ = {isa = PBXBuildFile; fileRef = CE5837D02C50497B008CF92B /* ImageFeedUITestsLaunchTests.swift */; };
		CE6DA94F2BE3FB4200D08293 /* AppDelegate.swift in Sources */ = {isa = PBXBuildFile; fileRef = CE6DA94E2BE3FB4200D08293 /* AppDelegate.swift */; };
		CE6DA9512BE3FB4200D08293 /* SceneDelegate.swift in Sources */ = {isa = PBXBuildFile; fileRef = CE6DA9502BE3FB4200D08293 /* SceneDelegate.swift */; };
		CE6DA9532BE3FB4200D08293 /* ImagesListViewController.swift in Sources */ = {isa = PBXBuildFile; fileRef = CE6DA9522BE3FB4200D08293 /* ImagesListViewController.swift */; };
		CE6DA9562BE3FB4200D08293 /* Main.storyboard in Resources */ = {isa = PBXBuildFile; fileRef = CE6DA9542BE3FB4200D08293 /* Main.storyboard */; };
		CE6DA9582BE3FB4600D08293 /* Assets.xcassets in Resources */ = {isa = PBXBuildFile; fileRef = CE6DA9572BE3FB4600D08293 /* Assets.xcassets */; };
		CE6DA95B2BE3FB4600D08293 /* LaunchScreen.storyboard in Resources */ = {isa = PBXBuildFile; fileRef = CE6DA9592BE3FB4600D08293 /* LaunchScreen.storyboard */; };
		CE6DA9832BE7BA0700D08293 /* ImagesListCell.swift in Sources */ = {isa = PBXBuildFile; fileRef = CE6DA9822BE7BA0700D08293 /* ImagesListCell.swift */; };
		CE914AAF2C04E85900525E75 /* ProfileViewController.swift in Sources */ = {isa = PBXBuildFile; fileRef = CE914AAE2C04E85900525E75 /* ProfileViewController.swift */; };
		CE914AB22C06438400525E75 /* SingleImageViewController.swift in Sources */ = {isa = PBXBuildFile; fileRef = CE914AB12C06438400525E75 /* SingleImageViewController.swift */; };
		CEA1C4422C300A3E003DDA40 /* SwiftKeychainWrapper in Frameworks */ = {isa = PBXBuildFile; productRef = CEA1C4412C300A3E003DDA40 /* SwiftKeychainWrapper */; };
		CEA1C4452C3017D0003DDA40 /* TabBarController.swift in Sources */ = {isa = PBXBuildFile; fileRef = CEA1C4442C3017D0003DDA40 /* TabBarController.swift */; };
		CEA1C4472C348221003DDA40 /* ImagesListService.swift in Sources */ = {isa = PBXBuildFile; fileRef = CEA1C4462C348221003DDA40 /* ImagesListService.swift */; };
		CEA1C4492C34828C003DDA40 /* Photo.swift in Sources */ = {isa = PBXBuildFile; fileRef = CEA1C4482C34828C003DDA40 /* Photo.swift */; };
		CEA1C44B2C368DC0003DDA40 /* PhotoResponseBody.swift in Sources */ = {isa = PBXBuildFile; fileRef = CEA1C44A2C368DBF003DDA40 /* PhotoResponseBody.swift */; };
		CEA1C45C2C42851E003DDA40 /* ProfileLogoutService.swift in Sources */ = {isa = PBXBuildFile; fileRef = CEA1C45B2C42851E003DDA40 /* ProfileLogoutService.swift */; };
		CEF061072C11004E00CF0562 /* Constants.swift in Sources */ = {isa = PBXBuildFile; fileRef = CEF061062C11004E00CF0562 /* Constants.swift */; };
		CEF0610A2C121B5A00CF0562 /* AuthViewController.swift in Sources */ = {isa = PBXBuildFile; fileRef = CEF061092C121B5A00CF0562 /* AuthViewController.swift */; };
		CEF0610C2C12497C00CF0562 /* WebViewViewController.swift in Sources */ = {isa = PBXBuildFile; fileRef = CEF0610B2C12497C00CF0562 /* WebViewViewController.swift */; };
		CEF0610F2C14577400CF0562 /* WebViewViewControllerDelegate.swift in Sources */ = {isa = PBXBuildFile; fileRef = CEF0610E2C14577400CF0562 /* WebViewViewControllerDelegate.swift */; };
		CEF061112C15A81E00CF0562 /* OAuth2Service.swift in Sources */ = {isa = PBXBuildFile; fileRef = CEF061102C15A81E00CF0562 /* OAuth2Service.swift */; };
		CEF061132C15DDEC00CF0562 /* NetworkErrors.swift in Sources */ = {isa = PBXBuildFile; fileRef = CEF061122C15DDEC00CF0562 /* NetworkErrors.swift */; };
		CEF061152C1785E400CF0562 /* NetworkClient.swift in Sources */ = {isa = PBXBuildFile; fileRef = CEF061142C1785E400CF0562 /* NetworkClient.swift */; };
		CEF061182C178B8000CF0562 /* OAuthTokenResponseBody.swift in Sources */ = {isa = PBXBuildFile; fileRef = CEF061172C178B8000CF0562 /* OAuthTokenResponseBody.swift */; };
		CEF0611A2C178D8200CF0562 /* OAuth2TokenStorage.swift in Sources */ = {isa = PBXBuildFile; fileRef = CEF061192C178D8200CF0562 /* OAuth2TokenStorage.swift */; };
		CEF0611C2C1A38D400CF0562 /* SplashViewController.swift in Sources */ = {isa = PBXBuildFile; fileRef = CEF0611B2C1A38D400CF0562 /* SplashViewController.swift */; };
		CEF061262C1DA9B100CF0562 /* ProgressHUD in Frameworks */ = {isa = PBXBuildFile; productRef = CEF061252C1DA9B100CF0562 /* ProgressHUD */; };
		CEF061282C1DB15000CF0562 /* AuthServiceError.swift in Sources */ = {isa = PBXBuildFile; fileRef = CEF061272C1DB15000CF0562 /* AuthServiceError.swift */; };
		CEF0612B2C1DDA7B00CF0562 /* UIBlockingProgressHUD.swift in Sources */ = {isa = PBXBuildFile; fileRef = CEF0612A2C1DDA7B00CF0562 /* UIBlockingProgressHUD.swift */; };
		CEF0612D2C1E07BA00CF0562 /* ProfileService.swift in Sources */ = {isa = PBXBuildFile; fileRef = CEF0612C2C1E07BA00CF0562 /* ProfileService.swift */; };
		CEF0612F2C1E097B00CF0562 /* ProfileResponseBody.swift in Sources */ = {isa = PBXBuildFile; fileRef = CEF0612E2C1E097B00CF0562 /* ProfileResponseBody.swift */; };
		CEF061312C1E09BE00CF0562 /* Profile.swift in Sources */ = {isa = PBXBuildFile; fileRef = CEF061302C1E09BE00CF0562 /* Profile.swift */; };
		CEF061332C2C7CE900CF0562 /* ProfileImageService.swift in Sources */ = {isa = PBXBuildFile; fileRef = CEF061322C2C7CE900CF0562 /* ProfileImageService.swift */; };
		CEF061352C2C7FE400CF0562 /* ProfileImageResponseBody.swift in Sources */ = {isa = PBXBuildFile; fileRef = CEF061342C2C7FE400CF0562 /* ProfileImageResponseBody.swift */; };
		CEF061382C2DFFA200CF0562 /* Kingfisher in Frameworks */ = {isa = PBXBuildFile; productRef = CEF061372C2DFFA200CF0562 /* Kingfisher */; };
/* End PBXBuildFile section */

/* Begin PBXContainerItemProxy section */
		CE58378A2C4D5024008CF92B /* PBXContainerItemProxy */ = {
			isa = PBXContainerItemProxy;
			containerPortal = CE6DA9432BE3FB4100D08293 /* Project object */;
			proxyType = 1;
			remoteGlobalIDString = CE6DA94A2BE3FB4200D08293;
			remoteInfo = ImageFeed;
		};
		CE5837D22C50497B008CF92B /* PBXContainerItemProxy */ = {
			isa = PBXContainerItemProxy;
			containerPortal = CE6DA9432BE3FB4100D08293 /* Project object */;
			proxyType = 1;
			remoteGlobalIDString = CE6DA94A2BE3FB4200D08293;
			remoteInfo = ImageFeed;
		};
/* End PBXContainerItemProxy section */

/* Begin PBXFileReference section */
		CE5837762C4D096F008CF92B /* WebViewViewControllerProtocol.swift */ = {isa = PBXFileReference; lastKnownFileType = sourcecode.swift; path = WebViewViewControllerProtocol.swift; sourceTree = "<group>"; };
		CE5837782C4D0982008CF92B /* WebViewPresenterProtocol.swift */ = {isa = PBXFileReference; lastKnownFileType = sourcecode.swift; path = WebViewPresenterProtocol.swift; sourceTree = "<group>"; };
		CE58377A2C4D0A63008CF92B /* WebViewPresenter.swift */ = {isa = PBXFileReference; lastKnownFileType = sourcecode.swift; path = WebViewPresenter.swift; sourceTree = "<group>"; };
		CE58377C2C4D4364008CF92B /* AuthConfiguration.swift */ = {isa = PBXFileReference; lastKnownFileType = sourcecode.swift; path = AuthConfiguration.swift; sourceTree = "<group>"; };
		CE58377E2C4D4511008CF92B /* AuthHelperProtocol.swift */ = {isa = PBXFileReference; lastKnownFileType = sourcecode.swift; path = AuthHelperProtocol.swift; sourceTree = "<group>"; };
		CE5837802C4D4567008CF92B /* AuthHelper.swift */ = {isa = PBXFileReference; lastKnownFileType = sourcecode.swift; path = AuthHelper.swift; sourceTree = "<group>"; };
		CE5837862C4D5024008CF92B /* ImageFeedTests.xctest */ = {isa = PBXFileReference; explicitFileType = wrapper.cfbundle; includeInIndex = 0; path = ImageFeedTests.xctest; sourceTree = BUILT_PRODUCTS_DIR; };
		CE5837882C4D5024008CF92B /* WebViewTests.swift */ = {isa = PBXFileReference; lastKnownFileType = sourcecode.swift; path = WebViewTests.swift; sourceTree = "<group>"; };
		CE58378F2C4D50A3008CF92B /* ImageFeed.xctestplan */ = {isa = PBXFileReference; lastKnownFileType = text; path = ImageFeed.xctestplan; sourceTree = "<group>"; };
		CE5837902C4D521B008CF92B /* WebViewPresenterSpy.swift */ = {isa = PBXFileReference; lastKnownFileType = sourcecode.swift; path = WebViewPresenterSpy.swift; sourceTree = "<group>"; };
		CE5837922C4D5758008CF92B /* WebViewViewControllerSpy.swift */ = {isa = PBXFileReference; lastKnownFileType = sourcecode.swift; path = WebViewViewControllerSpy.swift; sourceTree = "<group>"; };
		CE5837942C4EA678008CF92B /* ProfileViewControllerProtocol.swift */ = {isa = PBXFileReference; lastKnownFileType = sourcecode.swift; path = ProfileViewControllerProtocol.swift; sourceTree = "<group>"; };
		CE5837962C4EA69C008CF92B /* ProfilePresenterProtocol.swift */ = {isa = PBXFileReference; lastKnownFileType = sourcecode.swift; path = ProfilePresenterProtocol.swift; sourceTree = "<group>"; };
		CE5837982C4EA6B3008CF92B /* ImagesListViewControllerProtocol.swift */ = {isa = PBXFileReference; lastKnownFileType = sourcecode.swift; path = ImagesListViewControllerProtocol.swift; sourceTree = "<group>"; };
		CE58379A2C4EA6C3008CF92B /* ImagesListPresenterProtocol.swift */ = {isa = PBXFileReference; lastKnownFileType = sourcecode.swift; path = ImagesListPresenterProtocol.swift; sourceTree = "<group>"; };
		CE58379C2C4EADC6008CF92B /* ProfilePresenter.swift */ = {isa = PBXFileReference; lastKnownFileType = sourcecode.swift; path = ProfilePresenter.swift; sourceTree = "<group>"; };
		CE58379E2C4ED4DA008CF92B /* ImagesListPresenter.swift */ = {isa = PBXFileReference; lastKnownFileType = sourcecode.swift; path = ImagesListPresenter.swift; sourceTree = "<group>"; };
		CE5837A02C4FF493008CF92B /* ProfileViewTests.swift */ = {isa = PBXFileReference; lastKnownFileType = sourcecode.swift; path = ProfileViewTests.swift; sourceTree = "<group>"; };
		CE5837A22C4FF593008CF92B /* ProfilePresenterSpy.swift */ = {isa = PBXFileReference; lastKnownFileType = sourcecode.swift; path = ProfilePresenterSpy.swift; sourceTree = "<group>"; };
		CE5837A42C4FFA73008CF92B /* ProfileViewControllerMock.swift */ = {isa = PBXFileReference; lastKnownFileType = sourcecode.swift; path = ProfileViewControllerMock.swift; sourceTree = "<group>"; };
		CE5837AE2C5012F1008CF92B /* ProfileLogoutServiceProtocol.swift */ = {isa = PBXFileReference; lastKnownFileType = sourcecode.swift; path = ProfileLogoutServiceProtocol.swift; sourceTree = "<group>"; };
		CE5837B02C501375008CF92B /* ProfileServicesMock.swift */ = {isa = PBXFileReference; lastKnownFileType = sourcecode.swift; path = ProfileServicesMock.swift; sourceTree = "<group>"; };
		CE5837B22C501500008CF92B /* ProfileServiceProtocol.swift */ = {isa = PBXFileReference; lastKnownFileType = sourcecode.swift; path = ProfileServiceProtocol.swift; sourceTree = "<group>"; };
		CE5837B42C50181D008CF92B /* ProfileImageServiceProtocol.swift */ = {isa = PBXFileReference; lastKnownFileType = sourcecode.swift; path = ProfileImageServiceProtocol.swift; sourceTree = "<group>"; };
		CE5837BC2C501E36008CF92B /* ImagesListTests.swift */ = {isa = PBXFileReference; lastKnownFileType = sourcecode.swift; path = ImagesListTests.swift; sourceTree = "<group>"; };
		CE5837BE2C502473008CF92B /* ImagesListPresenterSpy.swift */ = {isa = PBXFileReference; lastKnownFileType = sourcecode.swift; path = ImagesListPresenterSpy.swift; sourceTree = "<group>"; };
		CE5837C02C502806008CF92B /* ImagesListServicesMock.swift */ = {isa = PBXFileReference; lastKnownFileType = sourcecode.swift; path = ImagesListServicesMock.swift; sourceTree = "<group>"; };
		CE5837C22C502820008CF92B /* ImagesListServiceProtocol.swift */ = {isa = PBXFileReference; lastKnownFileType = sourcecode.swift; path = ImagesListServiceProtocol.swift; sourceTree = "<group>"; };
		CE5837C42C502971008CF92B /* OAuth2TokenStorageProtocol.swift */ = {isa = PBXFileReference; lastKnownFileType = sourcecode.swift; path = OAuth2TokenStorageProtocol.swift; sourceTree = "<group>"; };
		CE5837C62C5030F1008CF92B /* ImagesListViewControllerSpy.swift */ = {isa = PBXFileReference; lastKnownFileType = sourcecode.swift; path = ImagesListViewControllerSpy.swift; sourceTree = "<group>"; };
		CE5837CC2C50497A008CF92B /* ImageFeedUITests.xctest */ = {isa = PBXFileReference; explicitFileType = wrapper.cfbundle; includeInIndex = 0; path = ImageFeedUITests.xctest; sourceTree = BUILT_PRODUCTS_DIR; };
		CE5837CE2C50497B008CF92B /* ImageFeedUITests.swift */ = {isa = PBXFileReference; lastKnownFileType = sourcecode.swift; path = ImageFeedUITests.swift; sourceTree = "<group>"; };
		CE5837D02C50497B008CF92B /* ImageFeedUITestsLaunchTests.swift */ = {isa = PBXFileReference; lastKnownFileType = sourcecode.swift; path = ImageFeedUITestsLaunchTests.swift; sourceTree = "<group>"; };
		CE6DA94B2BE3FB4200D08293 /* ImageFeed.app */ = {isa = PBXFileReference; explicitFileType = wrapper.application; includeInIndex = 0; path = ImageFeed.app; sourceTree = BUILT_PRODUCTS_DIR; };
		CE6DA94E2BE3FB4200D08293 /* AppDelegate.swift */ = {isa = PBXFileReference; lastKnownFileType = sourcecode.swift; path = AppDelegate.swift; sourceTree = "<group>"; };
		CE6DA9502BE3FB4200D08293 /* SceneDelegate.swift */ = {isa = PBXFileReference; lastKnownFileType = sourcecode.swift; path = SceneDelegate.swift; sourceTree = "<group>"; };
		CE6DA9522BE3FB4200D08293 /* ImagesListViewController.swift */ = {isa = PBXFileReference; lastKnownFileType = sourcecode.swift; path = ImagesListViewController.swift; sourceTree = "<group>"; };
		CE6DA9552BE3FB4200D08293 /* Base */ = {isa = PBXFileReference; lastKnownFileType = file.storyboard; name = Base; path = Base.lproj/Main.storyboard; sourceTree = "<group>"; };
		CE6DA9572BE3FB4600D08293 /* Assets.xcassets */ = {isa = PBXFileReference; lastKnownFileType = folder.assetcatalog; path = Assets.xcassets; sourceTree = "<group>"; };
		CE6DA95A2BE3FB4600D08293 /* Base */ = {isa = PBXFileReference; lastKnownFileType = file.storyboard; name = Base; path = Base.lproj/LaunchScreen.storyboard; sourceTree = "<group>"; };
		CE6DA95C2BE3FB4600D08293 /* Info.plist */ = {isa = PBXFileReference; lastKnownFileType = text.plist.xml; path = Info.plist; sourceTree = "<group>"; };
		CE6DA9822BE7BA0700D08293 /* ImagesListCell.swift */ = {isa = PBXFileReference; lastKnownFileType = sourcecode.swift; path = ImagesListCell.swift; sourceTree = "<group>"; };
		CE914AAE2C04E85900525E75 /* ProfileViewController.swift */ = {isa = PBXFileReference; lastKnownFileType = sourcecode.swift; path = ProfileViewController.swift; sourceTree = "<group>"; };
		CE914AB12C06438400525E75 /* SingleImageViewController.swift */ = {isa = PBXFileReference; lastKnownFileType = sourcecode.swift; path = SingleImageViewController.swift; sourceTree = "<group>"; };
		CEA1C4442C3017D0003DDA40 /* TabBarController.swift */ = {isa = PBXFileReference; lastKnownFileType = sourcecode.swift; path = TabBarController.swift; sourceTree = "<group>"; };
		CEA1C4462C348221003DDA40 /* ImagesListService.swift */ = {isa = PBXFileReference; lastKnownFileType = sourcecode.swift; path = ImagesListService.swift; sourceTree = "<group>"; };
		CEA1C4482C34828C003DDA40 /* Photo.swift */ = {isa = PBXFileReference; lastKnownFileType = sourcecode.swift; path = Photo.swift; sourceTree = "<group>"; };
		CEA1C44A2C368DBF003DDA40 /* PhotoResponseBody.swift */ = {isa = PBXFileReference; lastKnownFileType = sourcecode.swift; path = PhotoResponseBody.swift; sourceTree = "<group>"; };
		CEA1C45B2C42851E003DDA40 /* ProfileLogoutService.swift */ = {isa = PBXFileReference; lastKnownFileType = sourcecode.swift; path = ProfileLogoutService.swift; sourceTree = "<group>"; };
		CEF061062C11004E00CF0562 /* Constants.swift */ = {isa = PBXFileReference; lastKnownFileType = sourcecode.swift; path = Constants.swift; sourceTree = "<group>"; };
		CEF061092C121B5A00CF0562 /* AuthViewController.swift */ = {isa = PBXFileReference; lastKnownFileType = sourcecode.swift; path = AuthViewController.swift; sourceTree = "<group>"; };
		CEF0610B2C12497C00CF0562 /* WebViewViewController.swift */ = {isa = PBXFileReference; lastKnownFileType = sourcecode.swift; path = WebViewViewController.swift; sourceTree = "<group>"; };
		CEF0610E2C14577400CF0562 /* WebViewViewControllerDelegate.swift */ = {isa = PBXFileReference; lastKnownFileType = sourcecode.swift; path = WebViewViewControllerDelegate.swift; sourceTree = "<group>"; };
		CEF061102C15A81E00CF0562 /* OAuth2Service.swift */ = {isa = PBXFileReference; lastKnownFileType = sourcecode.swift; path = OAuth2Service.swift; sourceTree = "<group>"; };
		CEF061122C15DDEC00CF0562 /* NetworkErrors.swift */ = {isa = PBXFileReference; lastKnownFileType = sourcecode.swift; path = NetworkErrors.swift; sourceTree = "<group>"; };
		CEF061142C1785E400CF0562 /* NetworkClient.swift */ = {isa = PBXFileReference; lastKnownFileType = sourcecode.swift; path = NetworkClient.swift; sourceTree = "<group>"; };
		CEF061172C178B8000CF0562 /* OAuthTokenResponseBody.swift */ = {isa = PBXFileReference; lastKnownFileType = sourcecode.swift; path = OAuthTokenResponseBody.swift; sourceTree = "<group>"; };
		CEF061192C178D8200CF0562 /* OAuth2TokenStorage.swift */ = {isa = PBXFileReference; lastKnownFileType = sourcecode.swift; path = OAuth2TokenStorage.swift; sourceTree = "<group>"; };
		CEF0611B2C1A38D400CF0562 /* SplashViewController.swift */ = {isa = PBXFileReference; lastKnownFileType = sourcecode.swift; path = SplashViewController.swift; sourceTree = "<group>"; };
		CEF061272C1DB15000CF0562 /* AuthServiceError.swift */ = {isa = PBXFileReference; lastKnownFileType = sourcecode.swift; path = AuthServiceError.swift; sourceTree = "<group>"; };
		CEF0612A2C1DDA7B00CF0562 /* UIBlockingProgressHUD.swift */ = {isa = PBXFileReference; lastKnownFileType = sourcecode.swift; path = UIBlockingProgressHUD.swift; sourceTree = "<group>"; };
		CEF0612C2C1E07BA00CF0562 /* ProfileService.swift */ = {isa = PBXFileReference; lastKnownFileType = sourcecode.swift; path = ProfileService.swift; sourceTree = "<group>"; };
		CEF0612E2C1E097B00CF0562 /* ProfileResponseBody.swift */ = {isa = PBXFileReference; lastKnownFileType = sourcecode.swift; path = ProfileResponseBody.swift; sourceTree = "<group>"; };
		CEF061302C1E09BE00CF0562 /* Profile.swift */ = {isa = PBXFileReference; lastKnownFileType = sourcecode.swift; path = Profile.swift; sourceTree = "<group>"; };
		CEF061322C2C7CE900CF0562 /* ProfileImageService.swift */ = {isa = PBXFileReference; lastKnownFileType = sourcecode.swift; path = ProfileImageService.swift; sourceTree = "<group>"; };
		CEF061342C2C7FE400CF0562 /* ProfileImageResponseBody.swift */ = {isa = PBXFileReference; lastKnownFileType = sourcecode.swift; path = ProfileImageResponseBody.swift; sourceTree = "<group>"; };
/* End PBXFileReference section */

/* Begin PBXFrameworksBuildPhase section */
		CE5837832C4D5024008CF92B /* Frameworks */ = {
			isa = PBXFrameworksBuildPhase;
			buildActionMask = 2147483647;
			files = (
			);
			runOnlyForDeploymentPostprocessing = 0;
		};
		CE5837C92C50497A008CF92B /* Frameworks */ = {
			isa = PBXFrameworksBuildPhase;
			buildActionMask = 2147483647;
			files = (
			);
			runOnlyForDeploymentPostprocessing = 0;
		};
		CE6DA9482BE3FB4200D08293 /* Frameworks */ = {
			isa = PBXFrameworksBuildPhase;
			buildActionMask = 2147483647;
			files = (
				CEF061382C2DFFA200CF0562 /* Kingfisher in Frameworks */,
				CEF061262C1DA9B100CF0562 /* ProgressHUD in Frameworks */,
				CEA1C4422C300A3E003DDA40 /* SwiftKeychainWrapper in Frameworks */,
			);
			runOnlyForDeploymentPostprocessing = 0;
		};
/* End PBXFrameworksBuildPhase section */

/* Begin PBXGroup section */
		CE5837872C4D5024008CF92B /* ImageFeedTests */ = {
			isa = PBXGroup;
			children = (
				CE5837BB2C501E15008CF92B /* ImagesListTests */,
				CE5837BA2C501DEF008CF92B /* ProfileViewTests */,
				CE5837B92C501DD2008CF92B /* WebViewTests */,
			);
			path = ImageFeedTests;
			sourceTree = "<group>";
		};
		CE5837B62C501D4F008CF92B /* WebViewProtocols */ = {
			isa = PBXGroup;
			children = (
				CE5837762C4D096F008CF92B /* WebViewViewControllerProtocol.swift */,
				CEF0610E2C14577400CF0562 /* WebViewViewControllerDelegate.swift */,
				CE5837782C4D0982008CF92B /* WebViewPresenterProtocol.swift */,
			);
			path = WebViewProtocols;
			sourceTree = "<group>";
		};
		CE5837B72C501D77008CF92B /* ProfileProtocols */ = {
			isa = PBXGroup;
			children = (
				CE5837B42C50181D008CF92B /* ProfileImageServiceProtocol.swift */,
				CE5837B22C501500008CF92B /* ProfileServiceProtocol.swift */,
				CE5837AE2C5012F1008CF92B /* ProfileLogoutServiceProtocol.swift */,
				CE5837962C4EA69C008CF92B /* ProfilePresenterProtocol.swift */,
				CE5837942C4EA678008CF92B /* ProfileViewControllerProtocol.swift */,
			);
			path = ProfileProtocols;
			sourceTree = "<group>";
		};
		CE5837B82C501DAE008CF92B /* ImagesListProtocols */ = {
			isa = PBXGroup;
			children = (
				CE58379A2C4EA6C3008CF92B /* ImagesListPresenterProtocol.swift */,
				CE5837982C4EA6B3008CF92B /* ImagesListViewControllerProtocol.swift */,
				CE5837C22C502820008CF92B /* ImagesListServiceProtocol.swift */,
			);
			path = ImagesListProtocols;
			sourceTree = "<group>";
		};
		CE5837B92C501DD2008CF92B /* WebViewTests */ = {
			isa = PBXGroup;
			children = (
				CE5837D92C513FD3008CF92B /* WebTestHelpers */,
				CE5837882C4D5024008CF92B /* WebViewTests.swift */,
			);
			path = WebViewTests;
			sourceTree = "<group>";
		};
		CE5837BA2C501DEF008CF92B /* ProfileViewTests */ = {
			isa = PBXGroup;
			children = (
				CE5837D72C513F7B008CF92B /* ProfileTestHelpers */,
				CE5837A02C4FF493008CF92B /* ProfileViewTests.swift */,
			);
			path = ProfileViewTests;
			sourceTree = "<group>";
		};
		CE5837BB2C501E15008CF92B /* ImagesListTests */ = {
			isa = PBXGroup;
			children = (
				CE5837D82C513F9F008CF92B /* ImagesListTestHelpers */,
				CE5837BC2C501E36008CF92B /* ImagesListTests.swift */,
			);
			path = ImagesListTests;
			sourceTree = "<group>";
		};
		CE5837CD2C50497B008CF92B /* ImageFeedUITests */ = {
			isa = PBXGroup;
			children = (
				CE5837CE2C50497B008CF92B /* ImageFeedUITests.swift */,
				CE5837D02C50497B008CF92B /* ImageFeedUITestsLaunchTests.swift */,
			);
			path = ImageFeedUITests;
			sourceTree = "<group>";
		};
		CE5837D72C513F7B008CF92B /* ProfileTestHelpers */ = {
			isa = PBXGroup;
			children = (
				CE5837A22C4FF593008CF92B /* ProfilePresenterSpy.swift */,
				CE5837A42C4FFA73008CF92B /* ProfileViewControllerMock.swift */,
				CE5837B02C501375008CF92B /* ProfileServicesMock.swift */,
			);
			path = ProfileTestHelpers;
			sourceTree = "<group>";
		};
		CE5837D82C513F9F008CF92B /* ImagesListTestHelpers */ = {
			isa = PBXGroup;
			children = (
				CE5837C62C5030F1008CF92B /* ImagesListViewControllerSpy.swift */,
				CE5837C02C502806008CF92B /* ImagesListServicesMock.swift */,
				CE5837BE2C502473008CF92B /* ImagesListPresenterSpy.swift */,
			);
			path = ImagesListTestHelpers;
			sourceTree = "<group>";
		};
		CE5837D92C513FD3008CF92B /* WebTestHelpers */ = {
			isa = PBXGroup;
			children = (
				CE5837902C4D521B008CF92B /* WebViewPresenterSpy.swift */,
				CE5837922C4D5758008CF92B /* WebViewViewControllerSpy.swift */,
			);
			path = WebTestHelpers;
			sourceTree = "<group>";
		};
		CE5837DA2C514001008CF92B /* Splash */ = {
			isa = PBXGroup;
			children = (
				CEF0611B2C1A38D400CF0562 /* SplashViewController.swift */,
			);
			path = Splash;
			sourceTree = "<group>";
		};
		CE5837DB2C514035008CF92B /* ProfileModels */ = {
			isa = PBXGroup;
			children = (
				CEF061302C1E09BE00CF0562 /* Profile.swift */,
				CEF061342C2C7FE400CF0562 /* ProfileImageResponseBody.swift */,
				CEF0612E2C1E097B00CF0562 /* ProfileResponseBody.swift */,
			);
			path = ProfileModels;
			sourceTree = "<group>";
		};
		CE5837DC2C514053008CF92B /* ImagesListModels */ = {
			isa = PBXGroup;
			children = (
				CEA1C44A2C368DBF003DDA40 /* PhotoResponseBody.swift */,
				CEA1C4482C34828C003DDA40 /* Photo.swift */,
			);
			path = ImagesListModels;
			sourceTree = "<group>";
		};
		CE5837DD2C514096008CF92B /* AuthModels */ = {
			isa = PBXGroup;
			children = (
				CE58377C2C4D4364008CF92B /* AuthConfiguration.swift */,
				CEF061172C178B8000CF0562 /* OAuthTokenResponseBody.swift */,
			);
			path = AuthModels;
			sourceTree = "<group>";
		};
		CE5837DE2C5140D4008CF92B /* ProfileHelpers */ = {
			isa = PBXGroup;
			children = (
				CEA1C45B2C42851E003DDA40 /* ProfileLogoutService.swift */,
				CEF061322C2C7CE900CF0562 /* ProfileImageService.swift */,
				CEF0612C2C1E07BA00CF0562 /* ProfileService.swift */,
			);
			path = ProfileHelpers;
			sourceTree = "<group>";
		};
		CE5837DF2C5140F0008CF92B /* ImagesListHelpers */ = {
			isa = PBXGroup;
			children = (
				CEA1C4462C348221003DDA40 /* ImagesListService.swift */,
			);
			path = ImagesListHelpers;
			sourceTree = "<group>";
		};
		CE5837E02C51411B008CF92B /* ImagesListEntities */ = {
			isa = PBXGroup;
			children = (
				CE6DA9822BE7BA0700D08293 /* ImagesListCell.swift */,
			);
			path = ImagesListEntities;
			sourceTree = "<group>";
		};
		CE5837E12C51414C008CF92B /* NetworkClient */ = {
			isa = PBXGroup;
			children = (
				CEF061142C1785E400CF0562 /* NetworkClient.swift */,
			);
			path = NetworkClient;
			sourceTree = "<group>";
		};
		CE5837E22C51418C008CF92B /* AuthView */ = {
			isa = PBXGroup;
			children = (
				CE5837E32C5141B1008CF92B /* AuthHelpers */,
				CEF061092C121B5A00CF0562 /* AuthViewController.swift */,
			);
			path = AuthView;
			sourceTree = "<group>";
		};
		CE5837E32C5141B1008CF92B /* AuthHelpers */ = {
			isa = PBXGroup;
			children = (
				CEF061102C15A81E00CF0562 /* OAuth2Service.swift */,
				CEF061192C178D8200CF0562 /* OAuth2TokenStorage.swift */,
				CE5837802C4D4567008CF92B /* AuthHelper.swift */,
			);
			path = AuthHelpers;
			sourceTree = "<group>";
		};
		CE5837E42C5141CD008CF92B /* WebView */ = {
			isa = PBXGroup;
			children = (
				CE58377A2C4D0A63008CF92B /* WebViewPresenter.swift */,
				CEF0610B2C12497C00CF0562 /* WebViewViewController.swift */,
			);
			path = WebView;
			sourceTree = "<group>";
		};
		CE6DA9422BE3FB4100D08293 = {
			isa = PBXGroup;
			children = (
				CE58378F2C4D50A3008CF92B /* ImageFeed.xctestplan */,
				CE6DA94D2BE3FB4200D08293 /* ImageFeed */,
				CE5837872C4D5024008CF92B /* ImageFeedTests */,
				CE5837CD2C50497B008CF92B /* ImageFeedUITests */,
				CE6DA94C2BE3FB4200D08293 /* Products */,
			);
			sourceTree = "<group>";
		};
		CE6DA94C2BE3FB4200D08293 /* Products */ = {
			isa = PBXGroup;
			children = (
				CE6DA94B2BE3FB4200D08293 /* ImageFeed.app */,
				CE5837862C4D5024008CF92B /* ImageFeedTests.xctest */,
				CE5837CC2C50497A008CF92B /* ImageFeedUITests.xctest */,
			);
			name = Products;
			sourceTree = "<group>";
		};
		CE6DA94D2BE3FB4200D08293 /* ImageFeed */ = {
			isa = PBXGroup;
			children = (
				CE5837DA2C514001008CF92B /* Splash */,
				CEF061082C121B3900CF0562 /* Authentication */,
				CE6DA9842BE7BA5700D08293 /* ImagesList */,
				CE914AB02C0501B000525E75 /* Profile */,
				CE5837E12C51414C008CF92B /* NetworkClient */,
				CEA1C4432C3017A6003DDA40 /* Navigation */,
				CEF061162C178B4000CF0562 /* Models */,
				CEF0610D2C14575B00CF0562 /* Protocols */,
				CEF061052C11003200CF0562 /* Constants&Errors */,
				CEF061292C1DDA4B00CF0562 /* ProgressHUD */,
				CE6DA94E2BE3FB4200D08293 /* AppDelegate.swift */,
				CE6DA9502BE3FB4200D08293 /* SceneDelegate.swift */,
				CE6DA9542BE3FB4200D08293 /* Main.storyboard */,
				CE6DA9592BE3FB4600D08293 /* LaunchScreen.storyboard */,
				CE6DA9572BE3FB4600D08293 /* Assets.xcassets */,
				CE6DA95C2BE3FB4600D08293 /* Info.plist */,
			);
			path = ImageFeed;
			sourceTree = "<group>";
		};
		CE6DA9842BE7BA5700D08293 /* ImagesList */ = {
			isa = PBXGroup;
			children = (
				CE914AB32C067EEB00525E75 /* SingleImageView */,
				CE5837E02C51411B008CF92B /* ImagesListEntities */,
				CE5837DF2C5140F0008CF92B /* ImagesListHelpers */,
				CE6DA9522BE3FB4200D08293 /* ImagesListViewController.swift */,
				CE58379E2C4ED4DA008CF92B /* ImagesListPresenter.swift */,
			);
			path = ImagesList;
			sourceTree = "<group>";
		};
		CE914AB02C0501B000525E75 /* Profile */ = {
			isa = PBXGroup;
			children = (
				CE5837DE2C5140D4008CF92B /* ProfileHelpers */,
				CE914AAE2C04E85900525E75 /* ProfileViewController.swift */,
				CE58379C2C4EADC6008CF92B /* ProfilePresenter.swift */,
			);
			path = Profile;
			sourceTree = "<group>";
		};
		CE914AB32C067EEB00525E75 /* SingleImageView */ = {
			isa = PBXGroup;
			children = (
				CE914AB12C06438400525E75 /* SingleImageViewController.swift */,
			);
			path = SingleImageView;
			sourceTree = "<group>";
		};
		CEA1C4432C3017A6003DDA40 /* Navigation */ = {
			isa = PBXGroup;
			children = (
				CEA1C4442C3017D0003DDA40 /* TabBarController.swift */,
			);
			path = Navigation;
			sourceTree = "<group>";
		};
		CEF061052C11003200CF0562 /* Constants&Errors */ = {
			isa = PBXGroup;
			children = (
				CEF061062C11004E00CF0562 /* Constants.swift */,
				CEF061122C15DDEC00CF0562 /* NetworkErrors.swift */,
				CEF061272C1DB15000CF0562 /* AuthServiceError.swift */,
			);
			path = "Constants&Errors";
			sourceTree = "<group>";
		};
		CEF061082C121B3900CF0562 /* Authentication */ = {
			isa = PBXGroup;
			children = (
				CE5837E42C5141CD008CF92B /* WebView */,
				CE5837E22C51418C008CF92B /* AuthView */,
			);
			path = Authentication;
			sourceTree = "<group>";
		};
		CEF0610D2C14575B00CF0562 /* Protocols */ = {
			isa = PBXGroup;
			children = (
				CE5837B82C501DAE008CF92B /* ImagesListProtocols */,
				CE5837B72C501D77008CF92B /* ProfileProtocols */,
				CE5837B62C501D4F008CF92B /* WebViewProtocols */,
				CE58377E2C4D4511008CF92B /* AuthHelperProtocol.swift */,
				CE5837C42C502971008CF92B /* OAuth2TokenStorageProtocol.swift */,
			);
			path = Protocols;
			sourceTree = "<group>";
		};
		CEF061162C178B4000CF0562 /* Models */ = {
			isa = PBXGroup;
			children = (
				CE5837DD2C514096008CF92B /* AuthModels */,
				CE5837DC2C514053008CF92B /* ImagesListModels */,
				CE5837DB2C514035008CF92B /* ProfileModels */,
			);
			path = Models;
			sourceTree = "<group>";
		};
		CEF061292C1DDA4B00CF0562 /* ProgressHUD */ = {
			isa = PBXGroup;
			children = (
				CEF0612A2C1DDA7B00CF0562 /* UIBlockingProgressHUD.swift */,
			);
			path = ProgressHUD;
			sourceTree = "<group>";
		};
/* End PBXGroup section */

/* Begin PBXNativeTarget section */
		CE5837852C4D5024008CF92B /* ImageFeedTests */ = {
			isa = PBXNativeTarget;
			buildConfigurationList = CE58378C2C4D5025008CF92B /* Build configuration list for PBXNativeTarget "ImageFeedTests" */;
			buildPhases = (
				CE5837822C4D5024008CF92B /* Sources */,
				CE5837832C4D5024008CF92B /* Frameworks */,
				CE5837842C4D5024008CF92B /* Resources */,
			);
			buildRules = (
			);
			dependencies = (
				CE58378B2C4D5024008CF92B /* PBXTargetDependency */,
			);
			name = ImageFeedTests;
			productName = ImageFeedTests;
			productReference = CE5837862C4D5024008CF92B /* ImageFeedTests.xctest */;
			productType = "com.apple.product-type.bundle.unit-test";
		};
		CE5837CB2C50497A008CF92B /* ImageFeedUITests */ = {
			isa = PBXNativeTarget;
			buildConfigurationList = CE5837D42C50497B008CF92B /* Build configuration list for PBXNativeTarget "ImageFeedUITests" */;
			buildPhases = (
				CE5837C82C50497A008CF92B /* Sources */,
				CE5837C92C50497A008CF92B /* Frameworks */,
				CE5837CA2C50497A008CF92B /* Resources */,
			);
			buildRules = (
			);
			dependencies = (
				CE5837D32C50497B008CF92B /* PBXTargetDependency */,
			);
			name = ImageFeedUITests;
			productName = ImageFeedUITests;
			productReference = CE5837CC2C50497A008CF92B /* ImageFeedUITests.xctest */;
			productType = "com.apple.product-type.bundle.ui-testing";
		};
		CE6DA94A2BE3FB4200D08293 /* ImageFeed */ = {
			isa = PBXNativeTarget;
			buildConfigurationList = CE6DA95F2BE3FB4600D08293 /* Build configuration list for PBXNativeTarget "ImageFeed" */;
			buildPhases = (
				CE6DA9472BE3FB4200D08293 /* Sources */,
				CE6DA9482BE3FB4200D08293 /* Frameworks */,
				CE6DA9492BE3FB4200D08293 /* Resources */,
			);
			buildRules = (
			);
			dependencies = (
			);
			name = ImageFeed;
			packageProductDependencies = (
				CEF061252C1DA9B100CF0562 /* ProgressHUD */,
				CEF061372C2DFFA200CF0562 /* Kingfisher */,
				CEA1C4412C300A3E003DDA40 /* SwiftKeychainWrapper */,
			);
			productName = ImageFeed;
			productReference = CE6DA94B2BE3FB4200D08293 /* ImageFeed.app */;
			productType = "com.apple.product-type.application";
		};
/* End PBXNativeTarget section */

/* Begin PBXProject section */
		CE6DA9432BE3FB4100D08293 /* Project object */ = {
			isa = PBXProject;
			attributes = {
				BuildIndependentTargetsInParallel = 1;
				LastSwiftUpdateCheck = 1520;
				LastUpgradeCheck = 1520;
				TargetAttributes = {
					CE5837852C4D5024008CF92B = {
						CreatedOnToolsVersion = 15.2;
						TestTargetID = CE6DA94A2BE3FB4200D08293;
					};
					CE5837CB2C50497A008CF92B = {
						CreatedOnToolsVersion = 15.2;
						TestTargetID = CE6DA94A2BE3FB4200D08293;
					};
					CE6DA94A2BE3FB4200D08293 = {
						CreatedOnToolsVersion = 15.2;
					};
				};
			};
			buildConfigurationList = CE6DA9462BE3FB4100D08293 /* Build configuration list for PBXProject "ImageFeed" */;
			compatibilityVersion = "Xcode 14.0";
			developmentRegion = en;
			hasScannedForEncodings = 0;
			knownRegions = (
				en,
				Base,
			);
			mainGroup = CE6DA9422BE3FB4100D08293;
			packageReferences = (
				CEF061242C1DA9B100CF0562 /* XCRemoteSwiftPackageReference "ProgressHUD" */,
				CEF061362C2DFFA200CF0562 /* XCRemoteSwiftPackageReference "Kingfisher" */,
				CEA1C4402C300A3E003DDA40 /* XCRemoteSwiftPackageReference "SwiftKeychainWrapper" */,
			);
			productRefGroup = CE6DA94C2BE3FB4200D08293 /* Products */;
			projectDirPath = "";
			projectRoot = "";
			targets = (
				CE6DA94A2BE3FB4200D08293 /* ImageFeed */,
				CE5837852C4D5024008CF92B /* ImageFeedTests */,
				CE5837CB2C50497A008CF92B /* ImageFeedUITests */,
			);
		};
/* End PBXProject section */

/* Begin PBXResourcesBuildPhase section */
		CE5837842C4D5024008CF92B /* Resources */ = {
			isa = PBXResourcesBuildPhase;
			buildActionMask = 2147483647;
			files = (
			);
			runOnlyForDeploymentPostprocessing = 0;
		};
		CE5837CA2C50497A008CF92B /* Resources */ = {
			isa = PBXResourcesBuildPhase;
			buildActionMask = 2147483647;
			files = (
			);
			runOnlyForDeploymentPostprocessing = 0;
		};
		CE6DA9492BE3FB4200D08293 /* Resources */ = {
			isa = PBXResourcesBuildPhase;
			buildActionMask = 2147483647;
			files = (
				CE6DA95B2BE3FB4600D08293 /* LaunchScreen.storyboard in Resources */,
				CE6DA9582BE3FB4600D08293 /* Assets.xcassets in Resources */,
				CE6DA9562BE3FB4200D08293 /* Main.storyboard in Resources */,
			);
			runOnlyForDeploymentPostprocessing = 0;
		};
/* End PBXResourcesBuildPhase section */

/* Begin PBXSourcesBuildPhase section */
		CE5837822C4D5024008CF92B /* Sources */ = {
			isa = PBXSourcesBuildPhase;
			buildActionMask = 2147483647;
			files = (
				CE5837A12C4FF493008CF92B /* ProfileViewTests.swift in Sources */,
				CE5837892C4D5024008CF92B /* WebViewTests.swift in Sources */,
				CE5837B12C501375008CF92B /* ProfileServicesMock.swift in Sources */,
				CE5837932C4D5758008CF92B /* WebViewViewControllerSpy.swift in Sources */,
				CE5837A32C4FF593008CF92B /* ProfilePresenterSpy.swift in Sources */,
				CE5837C12C502806008CF92B /* ImagesListServicesMock.swift in Sources */,
				CE5837BF2C502473008CF92B /* ImagesListPresenterSpy.swift in Sources */,
				CE5837C72C5030F1008CF92B /* ImagesListViewControllerSpy.swift in Sources */,
				CE5837BD2C501E36008CF92B /* ImagesListTests.swift in Sources */,
				CE5837A52C4FFA73008CF92B /* ProfileViewControllerMock.swift in Sources */,
				CE5837912C4D521B008CF92B /* WebViewPresenterSpy.swift in Sources */,
			);
			runOnlyForDeploymentPostprocessing = 0;
		};
		CE5837C82C50497A008CF92B /* Sources */ = {
			isa = PBXSourcesBuildPhase;
			buildActionMask = 2147483647;
			files = (
				CE5837D12C50497B008CF92B /* ImageFeedUITestsLaunchTests.swift in Sources */,
				CE5837CF2C50497B008CF92B /* ImageFeedUITests.swift in Sources */,
			);
			runOnlyForDeploymentPostprocessing = 0;
		};
		CE6DA9472BE3FB4200D08293 /* Sources */ = {
			isa = PBXSourcesBuildPhase;
			buildActionMask = 2147483647;
			files = (
				CE6DA9532BE3FB4200D08293 /* ImagesListViewController.swift in Sources */,
				CE5837952C4EA678008CF92B /* ProfileViewControllerProtocol.swift in Sources */,
				CE6DA9832BE7BA0700D08293 /* ImagesListCell.swift in Sources */,
				CEF061352C2C7FE400CF0562 /* ProfileImageResponseBody.swift in Sources */,
				CE5837972C4EA69C008CF92B /* ProfilePresenterProtocol.swift in Sources */,
				CEA1C4492C34828C003DDA40 /* Photo.swift in Sources */,
				CE914AAF2C04E85900525E75 /* ProfileViewController.swift in Sources */,
				CE58377F2C4D4511008CF92B /* AuthHelperProtocol.swift in Sources */,
				CE6DA94F2BE3FB4200D08293 /* AppDelegate.swift in Sources */,
				CE5837C32C502820008CF92B /* ImagesListServiceProtocol.swift in Sources */,
				CE5837B52C50181E008CF92B /* ProfileImageServiceProtocol.swift in Sources */,
				CE5837792C4D0982008CF92B /* WebViewPresenterProtocol.swift in Sources */,
				CE58379B2C4EA6C3008CF92B /* ImagesListPresenterProtocol.swift in Sources */,
				CEF061112C15A81E00CF0562 /* OAuth2Service.swift in Sources */,
				CEF061132C15DDEC00CF0562 /* NetworkErrors.swift in Sources */,
				CEF0610A2C121B5A00CF0562 /* AuthViewController.swift in Sources */,
				CE5837AF2C5012F1008CF92B /* ProfileLogoutServiceProtocol.swift in Sources */,
				CEA1C44B2C368DC0003DDA40 /* PhotoResponseBody.swift in Sources */,
				CE5837992C4EA6B3008CF92B /* ImagesListViewControllerProtocol.swift in Sources */,
				CEF061072C11004E00CF0562 /* Constants.swift in Sources */,
				CEF0612D2C1E07BA00CF0562 /* ProfileService.swift in Sources */,
				CEF0612B2C1DDA7B00CF0562 /* UIBlockingProgressHUD.swift in Sources */,
				CE5837812C4D4567008CF92B /* AuthHelper.swift in Sources */,
				CE5837C52C502971008CF92B /* OAuth2TokenStorageProtocol.swift in Sources */,
				CEF061332C2C7CE900CF0562 /* ProfileImageService.swift in Sources */,
				CEF061152C1785E400CF0562 /* NetworkClient.swift in Sources */,
				CE5837772C4D096F008CF92B /* WebViewViewControllerProtocol.swift in Sources */,
				CE914AB22C06438400525E75 /* SingleImageViewController.swift in Sources */,
				CE5837B32C501500008CF92B /* ProfileServiceProtocol.swift in Sources */,
				CEF061182C178B8000CF0562 /* OAuthTokenResponseBody.swift in Sources */,
				CEF061282C1DB15000CF0562 /* AuthServiceError.swift in Sources */,
				CEF0610F2C14577400CF0562 /* WebViewViewControllerDelegate.swift in Sources */,
				CEA1C4452C3017D0003DDA40 /* TabBarController.swift in Sources */,
				CEF0611A2C178D8200CF0562 /* OAuth2TokenStorage.swift in Sources */,
				CEF0610C2C12497C00CF0562 /* WebViewViewController.swift in Sources */,
				CE58377B2C4D0A63008CF92B /* WebViewPresenter.swift in Sources */,
				CE6DA9512BE3FB4200D08293 /* SceneDelegate.swift in Sources */,
				CEA1C45C2C42851E003DDA40 /* ProfileLogoutService.swift in Sources */,
				CEF061312C1E09BE00CF0562 /* Profile.swift in Sources */,
				CE58377D2C4D4364008CF92B /* AuthConfiguration.swift in Sources */,
				CEF0612F2C1E097B00CF0562 /* ProfileResponseBody.swift in Sources */,
				CEF0611C2C1A38D400CF0562 /* SplashViewController.swift in Sources */,
				CEA1C4472C348221003DDA40 /* ImagesListService.swift in Sources */,
				CE58379F2C4ED4DA008CF92B /* ImagesListPresenter.swift in Sources */,
				CE58379D2C4EADC6008CF92B /* ProfilePresenter.swift in Sources */,
			);
			runOnlyForDeploymentPostprocessing = 0;
		};
/* End PBXSourcesBuildPhase section */

/* Begin PBXTargetDependency section */
		CE58378B2C4D5024008CF92B /* PBXTargetDependency */ = {
			isa = PBXTargetDependency;
			target = CE6DA94A2BE3FB4200D08293 /* ImageFeed */;
			targetProxy = CE58378A2C4D5024008CF92B /* PBXContainerItemProxy */;
		};
		CE5837D32C50497B008CF92B /* PBXTargetDependency */ = {
			isa = PBXTargetDependency;
			target = CE6DA94A2BE3FB4200D08293 /* ImageFeed */;
			targetProxy = CE5837D22C50497B008CF92B /* PBXContainerItemProxy */;
		};
/* End PBXTargetDependency section */

/* Begin PBXVariantGroup section */
		CE6DA9542BE3FB4200D08293 /* Main.storyboard */ = {
			isa = PBXVariantGroup;
			children = (
				CE6DA9552BE3FB4200D08293 /* Base */,
			);
			name = Main.storyboard;
			sourceTree = "<group>";
		};
		CE6DA9592BE3FB4600D08293 /* LaunchScreen.storyboard */ = {
			isa = PBXVariantGroup;
			children = (
				CE6DA95A2BE3FB4600D08293 /* Base */,
			);
			name = LaunchScreen.storyboard;
			sourceTree = "<group>";
		};
/* End PBXVariantGroup section */

/* Begin XCBuildConfiguration section */
		CE58378D2C4D5025008CF92B /* Debug */ = {
			isa = XCBuildConfiguration;
			buildSettings = {
				BUNDLE_LOADER = "$(TEST_HOST)";
				CODE_SIGN_STYLE = Automatic;
				CURRENT_PROJECT_VERSION = 1;
				DEVELOPMENT_TEAM = 36DY467P7Q;
				GENERATE_INFOPLIST_FILE = YES;
				MARKETING_VERSION = 1.0;
				PRODUCT_BUNDLE_IDENTIFIER = com.aa.moskovtsev.ImageFeedTests;
				PRODUCT_NAME = "$(TARGET_NAME)";
				SWIFT_EMIT_LOC_STRINGS = NO;
				SWIFT_VERSION = 5.0;
				TARGETED_DEVICE_FAMILY = "1,2";
				TEST_HOST = "$(BUILT_PRODUCTS_DIR)/ImageFeed.app/$(BUNDLE_EXECUTABLE_FOLDER_PATH)/ImageFeed";
			};
			name = Debug;
		};
		CE58378E2C4D5025008CF92B /* Release */ = {
			isa = XCBuildConfiguration;
			buildSettings = {
				BUNDLE_LOADER = "$(TEST_HOST)";
				CODE_SIGN_STYLE = Automatic;
				CURRENT_PROJECT_VERSION = 1;
				DEVELOPMENT_TEAM = 36DY467P7Q;
				GENERATE_INFOPLIST_FILE = YES;
				MARKETING_VERSION = 1.0;
				PRODUCT_BUNDLE_IDENTIFIER = com.aa.moskovtsev.ImageFeedTests;
				PRODUCT_NAME = "$(TARGET_NAME)";
				SWIFT_EMIT_LOC_STRINGS = NO;
				SWIFT_VERSION = 5.0;
				TARGETED_DEVICE_FAMILY = "1,2";
				TEST_HOST = "$(BUILT_PRODUCTS_DIR)/ImageFeed.app/$(BUNDLE_EXECUTABLE_FOLDER_PATH)/ImageFeed";
			};
			name = Release;
		};
		CE5837D52C50497B008CF92B /* Debug */ = {
			isa = XCBuildConfiguration;
			buildSettings = {
				CODE_SIGN_STYLE = Automatic;
				CURRENT_PROJECT_VERSION = 1;
				DEVELOPMENT_TEAM = 36DY467P7Q;
				GENERATE_INFOPLIST_FILE = YES;
				MARKETING_VERSION = 1.0;
				PRODUCT_BUNDLE_IDENTIFIER = com.aa.moskovtsev.ImageFeedUITests;
				PRODUCT_NAME = "$(TARGET_NAME)";
				SWIFT_EMIT_LOC_STRINGS = NO;
				SWIFT_VERSION = 5.0;
				TARGETED_DEVICE_FAMILY = "1,2";
				TEST_TARGET_NAME = ImageFeed;
			};
			name = Debug;
		};
		CE5837D62C50497B008CF92B /* Release */ = {
			isa = XCBuildConfiguration;
			buildSettings = {
				CODE_SIGN_STYLE = Automatic;
				CURRENT_PROJECT_VERSION = 1;
				DEVELOPMENT_TEAM = 36DY467P7Q;
				GENERATE_INFOPLIST_FILE = YES;
				MARKETING_VERSION = 1.0;
				PRODUCT_BUNDLE_IDENTIFIER = com.aa.moskovtsev.ImageFeedUITests;
				PRODUCT_NAME = "$(TARGET_NAME)";
				SWIFT_EMIT_LOC_STRINGS = NO;
				SWIFT_VERSION = 5.0;
				TARGETED_DEVICE_FAMILY = "1,2";
				TEST_TARGET_NAME = ImageFeed;
			};
			name = Release;
		};
		CE6DA95D2BE3FB4600D08293 /* Debug */ = {
			isa = XCBuildConfiguration;
			buildSettings = {
				ALWAYS_SEARCH_USER_PATHS = NO;
				ASSETCATALOG_COMPILER_GENERATE_SWIFT_ASSET_SYMBOL_EXTENSIONS = YES;
				CLANG_ANALYZER_NONNULL = YES;
				CLANG_ANALYZER_NUMBER_OBJECT_CONVERSION = YES_AGGRESSIVE;
				CLANG_CXX_LANGUAGE_STANDARD = "gnu++20";
				CLANG_ENABLE_MODULES = YES;
				CLANG_ENABLE_OBJC_ARC = YES;
				CLANG_ENABLE_OBJC_WEAK = YES;
				CLANG_WARN_BLOCK_CAPTURE_AUTORELEASING = YES;
				CLANG_WARN_BOOL_CONVERSION = YES;
				CLANG_WARN_COMMA = YES;
				CLANG_WARN_CONSTANT_CONVERSION = YES;
				CLANG_WARN_DEPRECATED_OBJC_IMPLEMENTATIONS = YES;
				CLANG_WARN_DIRECT_OBJC_ISA_USAGE = YES_ERROR;
				CLANG_WARN_DOCUMENTATION_COMMENTS = YES;
				CLANG_WARN_EMPTY_BODY = YES;
				CLANG_WARN_ENUM_CONVERSION = YES;
				CLANG_WARN_INFINITE_RECURSION = YES;
				CLANG_WARN_INT_CONVERSION = YES;
				CLANG_WARN_NON_LITERAL_NULL_CONVERSION = YES;
				CLANG_WARN_OBJC_IMPLICIT_RETAIN_SELF = YES;
				CLANG_WARN_OBJC_LITERAL_CONVERSION = YES;
				CLANG_WARN_OBJC_ROOT_CLASS = YES_ERROR;
				CLANG_WARN_QUOTED_INCLUDE_IN_FRAMEWORK_HEADER = YES;
				CLANG_WARN_RANGE_LOOP_ANALYSIS = YES;
				CLANG_WARN_STRICT_PROTOTYPES = YES;
				CLANG_WARN_SUSPICIOUS_MOVE = YES;
				CLANG_WARN_UNGUARDED_AVAILABILITY = YES_AGGRESSIVE;
				CLANG_WARN_UNREACHABLE_CODE = YES;
				CLANG_WARN__DUPLICATE_METHOD_MATCH = YES;
				COPY_PHASE_STRIP = NO;
				DEBUG_INFORMATION_FORMAT = dwarf;
				ENABLE_STRICT_OBJC_MSGSEND = YES;
				ENABLE_TESTABILITY = YES;
				ENABLE_USER_SCRIPT_SANDBOXING = YES;
				GCC_C_LANGUAGE_STANDARD = gnu17;
				GCC_DYNAMIC_NO_PIC = NO;
				GCC_NO_COMMON_BLOCKS = YES;
				GCC_OPTIMIZATION_LEVEL = 0;
				GCC_PREPROCESSOR_DEFINITIONS = (
					"DEBUG=1",
					"$(inherited)",
				);
				GCC_WARN_64_TO_32_BIT_CONVERSION = YES;
				GCC_WARN_ABOUT_RETURN_TYPE = YES_ERROR;
				GCC_WARN_UNDECLARED_SELECTOR = YES;
				GCC_WARN_UNINITIALIZED_AUTOS = YES_AGGRESSIVE;
				GCC_WARN_UNUSED_FUNCTION = YES;
				GCC_WARN_UNUSED_VARIABLE = YES;
				IPHONEOS_DEPLOYMENT_TARGET = 17.2;
				LOCALIZATION_PREFERS_STRING_CATALOGS = YES;
				MTL_ENABLE_DEBUG_INFO = INCLUDE_SOURCE;
				MTL_FAST_MATH = YES;
				ONLY_ACTIVE_ARCH = YES;
				SDKROOT = iphoneos;
				SWIFT_ACTIVE_COMPILATION_CONDITIONS = "DEBUG $(inherited)";
				SWIFT_OPTIMIZATION_LEVEL = "-Onone";
			};
			name = Debug;
		};
		CE6DA95E2BE3FB4600D08293 /* Release */ = {
			isa = XCBuildConfiguration;
			buildSettings = {
				ALWAYS_SEARCH_USER_PATHS = NO;
				ASSETCATALOG_COMPILER_GENERATE_SWIFT_ASSET_SYMBOL_EXTENSIONS = YES;
				CLANG_ANALYZER_NONNULL = YES;
				CLANG_ANALYZER_NUMBER_OBJECT_CONVERSION = YES_AGGRESSIVE;
				CLANG_CXX_LANGUAGE_STANDARD = "gnu++20";
				CLANG_ENABLE_MODULES = YES;
				CLANG_ENABLE_OBJC_ARC = YES;
				CLANG_ENABLE_OBJC_WEAK = YES;
				CLANG_WARN_BLOCK_CAPTURE_AUTORELEASING = YES;
				CLANG_WARN_BOOL_CONVERSION = YES;
				CLANG_WARN_COMMA = YES;
				CLANG_WARN_CONSTANT_CONVERSION = YES;
				CLANG_WARN_DEPRECATED_OBJC_IMPLEMENTATIONS = YES;
				CLANG_WARN_DIRECT_OBJC_ISA_USAGE = YES_ERROR;
				CLANG_WARN_DOCUMENTATION_COMMENTS = YES;
				CLANG_WARN_EMPTY_BODY = YES;
				CLANG_WARN_ENUM_CONVERSION = YES;
				CLANG_WARN_INFINITE_RECURSION = YES;
				CLANG_WARN_INT_CONVERSION = YES;
				CLANG_WARN_NON_LITERAL_NULL_CONVERSION = YES;
				CLANG_WARN_OBJC_IMPLICIT_RETAIN_SELF = YES;
				CLANG_WARN_OBJC_LITERAL_CONVERSION = YES;
				CLANG_WARN_OBJC_ROOT_CLASS = YES_ERROR;
				CLANG_WARN_QUOTED_INCLUDE_IN_FRAMEWORK_HEADER = YES;
				CLANG_WARN_RANGE_LOOP_ANALYSIS = YES;
				CLANG_WARN_STRICT_PROTOTYPES = YES;
				CLANG_WARN_SUSPICIOUS_MOVE = YES;
				CLANG_WARN_UNGUARDED_AVAILABILITY = YES_AGGRESSIVE;
				CLANG_WARN_UNREACHABLE_CODE = YES;
				CLANG_WARN__DUPLICATE_METHOD_MATCH = YES;
				COPY_PHASE_STRIP = NO;
				DEBUG_INFORMATION_FORMAT = "dwarf-with-dsym";
				ENABLE_NS_ASSERTIONS = NO;
				ENABLE_STRICT_OBJC_MSGSEND = YES;
				ENABLE_USER_SCRIPT_SANDBOXING = YES;
				GCC_C_LANGUAGE_STANDARD = gnu17;
				GCC_NO_COMMON_BLOCKS = YES;
				GCC_WARN_64_TO_32_BIT_CONVERSION = YES;
				GCC_WARN_ABOUT_RETURN_TYPE = YES_ERROR;
				GCC_WARN_UNDECLARED_SELECTOR = YES;
				GCC_WARN_UNINITIALIZED_AUTOS = YES_AGGRESSIVE;
				GCC_WARN_UNUSED_FUNCTION = YES;
				GCC_WARN_UNUSED_VARIABLE = YES;
				IPHONEOS_DEPLOYMENT_TARGET = 17.2;
				LOCALIZATION_PREFERS_STRING_CATALOGS = YES;
				MTL_ENABLE_DEBUG_INFO = NO;
				MTL_FAST_MATH = YES;
				SDKROOT = iphoneos;
				SWIFT_COMPILATION_MODE = wholemodule;
				VALIDATE_PRODUCT = YES;
			};
			name = Release;
		};
		CE6DA9602BE3FB4600D08293 /* Debug */ = {
			isa = XCBuildConfiguration;
			buildSettings = {
				ASSETCATALOG_COMPILER_APPICON_NAME = AppIcon;
				ASSETCATALOG_COMPILER_GLOBAL_ACCENT_COLOR_NAME = AccentColor;
				CODE_SIGN_STYLE = Automatic;
				CURRENT_PROJECT_VERSION = 1;
				DEVELOPMENT_TEAM = 36DY467P7Q;
				GENERATE_INFOPLIST_FILE = YES;
				INFOPLIST_FILE = ImageFeed/Info.plist;
				INFOPLIST_KEY_UIApplicationSupportsIndirectInputEvents = YES;
				INFOPLIST_KEY_UILaunchStoryboardName = LaunchScreen;
				INFOPLIST_KEY_UIMainStoryboardFile = Main;
				INFOPLIST_KEY_UISupportedInterfaceOrientations = UIInterfaceOrientationPortrait;
				IPHONEOS_DEPLOYMENT_TARGET = 13.0;
				LD_RUNPATH_SEARCH_PATHS = (
					"$(inherited)",
					"@executable_path/Frameworks",
				);
				MARKETING_VERSION = 1.0;
				PRODUCT_BUNDLE_IDENTIFIER = com.aa.moskovtsev.ImageFeed;
				PRODUCT_NAME = "$(TARGET_NAME)";
				SUPPORTED_PLATFORMS = "iphoneos iphonesimulator";
				SUPPORTS_MACCATALYST = NO;
				SUPPORTS_MAC_DESIGNED_FOR_IPHONE_IPAD = NO;
				SUPPORTS_XR_DESIGNED_FOR_IPHONE_IPAD = NO;
				SWIFT_EMIT_LOC_STRINGS = YES;
				SWIFT_VERSION = 5.0;
				TARGETED_DEVICE_FAMILY = 1;
			};
			name = Debug;
		};
		CE6DA9612BE3FB4600D08293 /* Release */ = {
			isa = XCBuildConfiguration;
			buildSettings = {
				ASSETCATALOG_COMPILER_APPICON_NAME = AppIcon;
				ASSETCATALOG_COMPILER_GLOBAL_ACCENT_COLOR_NAME = AccentColor;
				CODE_SIGN_STYLE = Automatic;
				CURRENT_PROJECT_VERSION = 1;
				DEVELOPMENT_TEAM = 36DY467P7Q;
				GENERATE_INFOPLIST_FILE = YES;
				INFOPLIST_FILE = ImageFeed/Info.plist;
				INFOPLIST_KEY_UIApplicationSupportsIndirectInputEvents = YES;
				INFOPLIST_KEY_UILaunchStoryboardName = LaunchScreen;
				INFOPLIST_KEY_UIMainStoryboardFile = Main;
				INFOPLIST_KEY_UISupportedInterfaceOrientations = UIInterfaceOrientationPortrait;
				IPHONEOS_DEPLOYMENT_TARGET = 13.0;
				LD_RUNPATH_SEARCH_PATHS = (
					"$(inherited)",
					"@executable_path/Frameworks",
				);
				MARKETING_VERSION = 1.0;
				PRODUCT_BUNDLE_IDENTIFIER = com.aa.moskovtsev.ImageFeed;
				PRODUCT_NAME = "$(TARGET_NAME)";
				SUPPORTED_PLATFORMS = "iphoneos iphonesimulator";
				SUPPORTS_MACCATALYST = NO;
				SUPPORTS_MAC_DESIGNED_FOR_IPHONE_IPAD = NO;
				SUPPORTS_XR_DESIGNED_FOR_IPHONE_IPAD = NO;
				SWIFT_EMIT_LOC_STRINGS = YES;
				SWIFT_VERSION = 5.0;
				TARGETED_DEVICE_FAMILY = 1;
			};
			name = Release;
		};
/* End XCBuildConfiguration section */

/* Begin XCConfigurationList section */
		CE58378C2C4D5025008CF92B /* Build configuration list for PBXNativeTarget "ImageFeedTests" */ = {
			isa = XCConfigurationList;
			buildConfigurations = (
				CE58378D2C4D5025008CF92B /* Debug */,
				CE58378E2C4D5025008CF92B /* Release */,
			);
			defaultConfigurationIsVisible = 0;
			defaultConfigurationName = Release;
		};
		CE5837D42C50497B008CF92B /* Build configuration list for PBXNativeTarget "ImageFeedUITests" */ = {
			isa = XCConfigurationList;
			buildConfigurations = (
				CE5837D52C50497B008CF92B /* Debug */,
				CE5837D62C50497B008CF92B /* Release */,
			);
			defaultConfigurationIsVisible = 0;
			defaultConfigurationName = Release;
		};
		CE6DA9462BE3FB4100D08293 /* Build configuration list for PBXProject "ImageFeed" */ = {
			isa = XCConfigurationList;
			buildConfigurations = (
				CE6DA95D2BE3FB4600D08293 /* Debug */,
				CE6DA95E2BE3FB4600D08293 /* Release */,
			);
			defaultConfigurationIsVisible = 0;
			defaultConfigurationName = Release;
		};
		CE6DA95F2BE3FB4600D08293 /* Build configuration list for PBXNativeTarget "ImageFeed" */ = {
			isa = XCConfigurationList;
			buildConfigurations = (
				CE6DA9602BE3FB4600D08293 /* Debug */,
				CE6DA9612BE3FB4600D08293 /* Release */,
			);
			defaultConfigurationIsVisible = 0;
			defaultConfigurationName = Release;
		};
/* End XCConfigurationList section */

/* Begin XCRemoteSwiftPackageReference section */
		CEA1C4402C300A3E003DDA40 /* XCRemoteSwiftPackageReference "SwiftKeychainWrapper" */ = {
			isa = XCRemoteSwiftPackageReference;
			repositoryURL = "https://github.com/jrendel/SwiftKeychainWrapper";
			requirement = {
				branch = develop;
				kind = branch;
			};
		};
		CEF061242C1DA9B100CF0562 /* XCRemoteSwiftPackageReference "ProgressHUD" */ = {
			isa = XCRemoteSwiftPackageReference;
			repositoryURL = "https://github.com/relatedcode/ProgressHUD.git";
			requirement = {
				kind = upToNextMajorVersion;
				minimumVersion = 14.1.3;
			};
		};
		CEF061362C2DFFA200CF0562 /* XCRemoteSwiftPackageReference "Kingfisher" */ = {
			isa = XCRemoteSwiftPackageReference;
			repositoryURL = "https://github.com/onevcat/Kingfisher.git";
			requirement = {
				kind = upToNextMajorVersion;
				minimumVersion = 7.12.0;
			};
		};
/* End XCRemoteSwiftPackageReference section */

/* Begin XCSwiftPackageProductDependency section */
		CEA1C4412C300A3E003DDA40 /* SwiftKeychainWrapper */ = {
			isa = XCSwiftPackageProductDependency;
			package = CEA1C4402C300A3E003DDA40 /* XCRemoteSwiftPackageReference "SwiftKeychainWrapper" */;
			productName = SwiftKeychainWrapper;
		};
		CEF061252C1DA9B100CF0562 /* ProgressHUD */ = {
			isa = XCSwiftPackageProductDependency;
			package = CEF061242C1DA9B100CF0562 /* XCRemoteSwiftPackageReference "ProgressHUD" */;
			productName = ProgressHUD;
		};
		CEF061372C2DFFA200CF0562 /* Kingfisher */ = {
			isa = XCSwiftPackageProductDependency;
			package = CEF061362C2DFFA200CF0562 /* XCRemoteSwiftPackageReference "Kingfisher" */;
			productName = Kingfisher;
		};
/* End XCSwiftPackageProductDependency section */
	};
	rootObject = CE6DA9432BE3FB4100D08293 /* Project object */;
}
