// !$*UTF8*$!
{
	archiveVersion = 1;
	classes = {
	};
	objectVersion = 56;
	objects = {

/* Begin PBXBuildFile section */
		CE6DA94F2BE3FB4200D08293 /* AppDelegate.swift in Sources */ = {isa = PBXBuildFile; fileRef = CE6DA94E2BE3FB4200D08293 /* AppDelegate.swift */; };
		CE6DA9512BE3FB4200D08293 /* SceneDelegate.swift in Sources */ = {isa = PBXBuildFile; fileRef = CE6DA9502BE3FB4200D08293 /* SceneDelegate.swift */; };
		CE6DA9532BE3FB4200D08293 /* ImagesListViewController.swift in Sources */ = {isa = PBXBuildFile; fileRef = CE6DA9522BE3FB4200D08293 /* ImagesListViewController.swift */; };
		CE6DA9562BE3FB4200D08293 /* Main.storyboard in Resources */ = {isa = PBXBuildFile; fileRef = CE6DA9542BE3FB4200D08293 /* Main.storyboard */; };
		CE6DA9582BE3FB4600D08293 /* Assets.xcassets in Resources */ = {isa = PBXBuildFile; fileRef = CE6DA9572BE3FB4600D08293 /* Assets.xcassets */; };
		CE6DA95B2BE3FB4600D08293 /* LaunchScreen.storyboard in Resources */ = {isa = PBXBuildFile; fileRef = CE6DA9592BE3FB4600D08293 /* LaunchScreen.storyboard */; };
		CE6DA9832BE7BA0700D08293 /* ImagesListCell.swift in Sources */ = {isa = PBXBuildFile; fileRef = CE6DA9822BE7BA0700D08293 /* ImagesListCell.swift */; };
		CE914AAF2C04E85900525E75 /* ProfileViewController.swift in Sources */ = {isa = PBXBuildFile; fileRef = CE914AAE2C04E85900525E75 /* ProfileViewController.swift */; };
		CE914AB22C06438400525E75 /* SingleImageViewController.swift in Sources */ = {isa = PBXBuildFile; fileRef = CE914AB12C06438400525E75 /* SingleImageViewController.swift */; };
		CEA1C4422C300A3E003DDA40 /* SwiftKeychainWrapper in Frameworks */ = {isa = PBXBuildFile; productRef = CEA1C4412C300A3E003DDA40 /* SwiftKeychainWrapper */; };
		CEF061072C11004E00CF0562 /* Constants.swift in Sources */ = {isa = PBXBuildFile; fileRef = CEF061062C11004E00CF0562 /* Constants.swift */; };
		CEF0610A2C121B5A00CF0562 /* AuthViewController.swift in Sources */ = {isa = PBXBuildFile; fileRef = CEF061092C121B5A00CF0562 /* AuthViewController.swift */; };
		CEF0610C2C12497C00CF0562 /* WebViewViewController.swift in Sources */ = {isa = PBXBuildFile; fileRef = CEF0610B2C12497C00CF0562 /* WebViewViewController.swift */; };
		CEF0610F2C14577400CF0562 /* WebViewViewControllerDelegate.swift in Sources */ = {isa = PBXBuildFile; fileRef = CEF0610E2C14577400CF0562 /* WebViewViewControllerDelegate.swift */; };
		CEF061112C15A81E00CF0562 /* OAuth2Service.swift in Sources */ = {isa = PBXBuildFile; fileRef = CEF061102C15A81E00CF0562 /* OAuth2Service.swift */; };
		CEF061132C15DDEC00CF0562 /* NetworkErrors.swift in Sources */ = {isa = PBXBuildFile; fileRef = CEF061122C15DDEC00CF0562 /* NetworkErrors.swift */; };
		CEF061152C1785E400CF0562 /* NetworkClient.swift in Sources */ = {isa = PBXBuildFile; fileRef = CEF061142C1785E400CF0562 /* NetworkClient.swift */; };
		CEF061182C178B8000CF0562 /* OAuthTokenResponseBody.swift in Sources */ = {isa = PBXBuildFile; fileRef = CEF061172C178B8000CF0562 /* OAuthTokenResponseBody.swift */; };
		CEF0611A2C178D8200CF0562 /* OAuth2TokenStorage.swift in Sources */ = {isa = PBXBuildFile; fileRef = CEF061192C178D8200CF0562 /* OAuth2TokenStorage.swift */; };
		CEF0611C2C1A38D400CF0562 /* SplashViewController.swift in Sources */ = {isa = PBXBuildFile; fileRef = CEF0611B2C1A38D400CF0562 /* SplashViewController.swift */; };
		CEF0611E2C1A3EAA00CF0562 /* AuthViewControllerDelegate.swift in Sources */ = {isa = PBXBuildFile; fileRef = CEF0611D2C1A3EAA00CF0562 /* AuthViewControllerDelegate.swift */; };
		CEF061262C1DA9B100CF0562 /* ProgressHUD in Frameworks */ = {isa = PBXBuildFile; productRef = CEF061252C1DA9B100CF0562 /* ProgressHUD */; };
		CEF061282C1DB15000CF0562 /* AuthServiceError.swift in Sources */ = {isa = PBXBuildFile; fileRef = CEF061272C1DB15000CF0562 /* AuthServiceError.swift */; };
		CEF0612B2C1DDA7B00CF0562 /* UIBlockingProgressHUD.swift in Sources */ = {isa = PBXBuildFile; fileRef = CEF0612A2C1DDA7B00CF0562 /* UIBlockingProgressHUD.swift */; };
		CEF0612D2C1E07BA00CF0562 /* ProfileService.swift in Sources */ = {isa = PBXBuildFile; fileRef = CEF0612C2C1E07BA00CF0562 /* ProfileService.swift */; };
		CEF0612F2C1E097B00CF0562 /* ProfileResponseBody.swift in Sources */ = {isa = PBXBuildFile; fileRef = CEF0612E2C1E097B00CF0562 /* ProfileResponseBody.swift */; };
		CEF061312C1E09BE00CF0562 /* Profile.swift in Sources */ = {isa = PBXBuildFile; fileRef = CEF061302C1E09BE00CF0562 /* Profile.swift */; };
		CEF061332C2C7CE900CF0562 /* ProfileImageService.swift in Sources */ = {isa = PBXBuildFile; fileRef = CEF061322C2C7CE900CF0562 /* ProfileImageService.swift */; };
		CEF061352C2C7FE400CF0562 /* ProfileImageResponseBody.swift in Sources */ = {isa = PBXBuildFile; fileRef = CEF061342C2C7FE400CF0562 /* ProfileImageResponseBody.swift */; };
		CEF061382C2DFFA200CF0562 /* Kingfisher in Frameworks */ = {isa = PBXBuildFile; productRef = CEF061372C2DFFA200CF0562 /* Kingfisher */; };
/* End PBXBuildFile section */

/* Begin PBXFileReference section */
		CE6DA94B2BE3FB4200D08293 /* ImageFeed.app */ = {isa = PBXFileReference; explicitFileType = wrapper.application; includeInIndex = 0; path = ImageFeed.app; sourceTree = BUILT_PRODUCTS_DIR; };
		CE6DA94E2BE3FB4200D08293 /* AppDelegate.swift */ = {isa = PBXFileReference; lastKnownFileType = sourcecode.swift; path = AppDelegate.swift; sourceTree = "<group>"; };
		CE6DA9502BE3FB4200D08293 /* SceneDelegate.swift */ = {isa = PBXFileReference; lastKnownFileType = sourcecode.swift; path = SceneDelegate.swift; sourceTree = "<group>"; };
		CE6DA9522BE3FB4200D08293 /* ImagesListViewController.swift */ = {isa = PBXFileReference; lastKnownFileType = sourcecode.swift; path = ImagesListViewController.swift; sourceTree = "<group>"; };
		CE6DA9552BE3FB4200D08293 /* Base */ = {isa = PBXFileReference; lastKnownFileType = file.storyboard; name = Base; path = Base.lproj/Main.storyboard; sourceTree = "<group>"; };
		CE6DA9572BE3FB4600D08293 /* Assets.xcassets */ = {isa = PBXFileReference; lastKnownFileType = folder.assetcatalog; path = Assets.xcassets; sourceTree = "<group>"; };
		CE6DA95A2BE3FB4600D08293 /* Base */ = {isa = PBXFileReference; lastKnownFileType = file.storyboard; name = Base; path = Base.lproj/LaunchScreen.storyboard; sourceTree = "<group>"; };
		CE6DA95C2BE3FB4600D08293 /* Info.plist */ = {isa = PBXFileReference; lastKnownFileType = text.plist.xml; path = Info.plist; sourceTree = "<group>"; };
		CE6DA9822BE7BA0700D08293 /* ImagesListCell.swift */ = {isa = PBXFileReference; lastKnownFileType = sourcecode.swift; path = ImagesListCell.swift; sourceTree = "<group>"; };
		CE914AAE2C04E85900525E75 /* ProfileViewController.swift */ = {isa = PBXFileReference; lastKnownFileType = sourcecode.swift; path = ProfileViewController.swift; sourceTree = "<group>"; };
		CE914AB12C06438400525E75 /* SingleImageViewController.swift */ = {isa = PBXFileReference; lastKnownFileType = sourcecode.swift; path = SingleImageViewController.swift; sourceTree = "<group>"; };
		CEF061062C11004E00CF0562 /* Constants.swift */ = {isa = PBXFileReference; lastKnownFileType = sourcecode.swift; path = Constants.swift; sourceTree = "<group>"; };
		CEF061092C121B5A00CF0562 /* AuthViewController.swift */ = {isa = PBXFileReference; lastKnownFileType = sourcecode.swift; path = AuthViewController.swift; sourceTree = "<group>"; };
		CEF0610B2C12497C00CF0562 /* WebViewViewController.swift */ = {isa = PBXFileReference; lastKnownFileType = sourcecode.swift; path = WebViewViewController.swift; sourceTree = "<group>"; };
		CEF0610E2C14577400CF0562 /* WebViewViewControllerDelegate.swift */ = {isa = PBXFileReference; lastKnownFileType = sourcecode.swift; path = WebViewViewControllerDelegate.swift; sourceTree = "<group>"; };
		CEF061102C15A81E00CF0562 /* OAuth2Service.swift */ = {isa = PBXFileReference; lastKnownFileType = sourcecode.swift; path = OAuth2Service.swift; sourceTree = "<group>"; };
		CEF061122C15DDEC00CF0562 /* NetworkErrors.swift */ = {isa = PBXFileReference; lastKnownFileType = sourcecode.swift; path = NetworkErrors.swift; sourceTree = "<group>"; };
		CEF061142C1785E400CF0562 /* NetworkClient.swift */ = {isa = PBXFileReference; lastKnownFileType = sourcecode.swift; path = NetworkClient.swift; sourceTree = "<group>"; };
		CEF061172C178B8000CF0562 /* OAuthTokenResponseBody.swift */ = {isa = PBXFileReference; lastKnownFileType = sourcecode.swift; path = OAuthTokenResponseBody.swift; sourceTree = "<group>"; };
		CEF061192C178D8200CF0562 /* OAuth2TokenStorage.swift */ = {isa = PBXFileReference; lastKnownFileType = sourcecode.swift; path = OAuth2TokenStorage.swift; sourceTree = "<group>"; };
		CEF0611B2C1A38D400CF0562 /* SplashViewController.swift */ = {isa = PBXFileReference; lastKnownFileType = sourcecode.swift; path = SplashViewController.swift; sourceTree = "<group>"; };
		CEF0611D2C1A3EAA00CF0562 /* AuthViewControllerDelegate.swift */ = {isa = PBXFileReference; lastKnownFileType = sourcecode.swift; path = AuthViewControllerDelegate.swift; sourceTree = "<group>"; };
		CEF061272C1DB15000CF0562 /* AuthServiceError.swift */ = {isa = PBXFileReference; lastKnownFileType = sourcecode.swift; path = AuthServiceError.swift; sourceTree = "<group>"; };
		CEF0612A2C1DDA7B00CF0562 /* UIBlockingProgressHUD.swift */ = {isa = PBXFileReference; lastKnownFileType = sourcecode.swift; path = UIBlockingProgressHUD.swift; sourceTree = "<group>"; };
		CEF0612C2C1E07BA00CF0562 /* ProfileService.swift */ = {isa = PBXFileReference; lastKnownFileType = sourcecode.swift; path = ProfileService.swift; sourceTree = "<group>"; };
		CEF0612E2C1E097B00CF0562 /* ProfileResponseBody.swift */ = {isa = PBXFileReference; lastKnownFileType = sourcecode.swift; path = ProfileResponseBody.swift; sourceTree = "<group>"; };
		CEF061302C1E09BE00CF0562 /* Profile.swift */ = {isa = PBXFileReference; lastKnownFileType = sourcecode.swift; path = Profile.swift; sourceTree = "<group>"; };
		CEF061322C2C7CE900CF0562 /* ProfileImageService.swift */ = {isa = PBXFileReference; lastKnownFileType = sourcecode.swift; path = ProfileImageService.swift; sourceTree = "<group>"; };
		CEF061342C2C7FE400CF0562 /* ProfileImageResponseBody.swift */ = {isa = PBXFileReference; lastKnownFileType = sourcecode.swift; path = ProfileImageResponseBody.swift; sourceTree = "<group>"; };
/* End PBXFileReference section */

/* Begin PBXFrameworksBuildPhase section */
		CE6DA9482BE3FB4200D08293 /* Frameworks */ = {
			isa = PBXFrameworksBuildPhase;
			buildActionMask = 2147483647;
			files = (
				CEF061382C2DFFA200CF0562 /* Kingfisher in Frameworks */,
				CEF061262C1DA9B100CF0562 /* ProgressHUD in Frameworks */,
				CEA1C4422C300A3E003DDA40 /* SwiftKeychainWrapper in Frameworks */,
			);
			runOnlyForDeploymentPostprocessing = 0;
		};
/* End PBXFrameworksBuildPhase section */

/* Begin PBXGroup section */
		CE6DA9422BE3FB4100D08293 = {
			isa = PBXGroup;
			children = (
				CE6DA94D2BE3FB4200D08293 /* ImageFeed */,
				CE6DA94C2BE3FB4200D08293 /* Products */,
			);
			sourceTree = "<group>";
		};
		CE6DA94C2BE3FB4200D08293 /* Products */ = {
			isa = PBXGroup;
			children = (
				CE6DA94B2BE3FB4200D08293 /* ImageFeed.app */,
			);
			name = Products;
			sourceTree = "<group>";
		};
		CE6DA94D2BE3FB4200D08293 /* ImageFeed */ = {
			isa = PBXGroup;
			children = (
				CEF061292C1DDA4B00CF0562 /* ProgressHUD */,
				CEF061162C178B4000CF0562 /* Models */,
				CEF0610D2C14575B00CF0562 /* Protocols */,
				CEF061082C121B3900CF0562 /* Authentication */,
				CEF061052C11003200CF0562 /* Helpers */,
				CE914AB02C0501B000525E75 /* Profile */,
				CE6DA9842BE7BA5700D08293 /* ImagesList */,
				CE914AB32C067EEB00525E75 /* SingleImageView */,
				CE6DA94E2BE3FB4200D08293 /* AppDelegate.swift */,
				CE6DA9502BE3FB4200D08293 /* SceneDelegate.swift */,
				CEF0611B2C1A38D400CF0562 /* SplashViewController.swift */,
				CE6DA9542BE3FB4200D08293 /* Main.storyboard */,
				CE6DA9572BE3FB4600D08293 /* Assets.xcassets */,
				CE6DA9592BE3FB4600D08293 /* LaunchScreen.storyboard */,
				CE6DA95C2BE3FB4600D08293 /* Info.plist */,
			);
			path = ImageFeed;
			sourceTree = "<group>";
		};
		CE6DA9842BE7BA5700D08293 /* ImagesList */ = {
			isa = PBXGroup;
			children = (
				CE6DA9522BE3FB4200D08293 /* ImagesListViewController.swift */,
				CE6DA9822BE7BA0700D08293 /* ImagesListCell.swift */,
			);
			path = ImagesList;
			sourceTree = "<group>";
		};
		CE914AB02C0501B000525E75 /* Profile */ = {
			isa = PBXGroup;
			children = (
				CE914AAE2C04E85900525E75 /* ProfileViewController.swift */,
				CEF0612C2C1E07BA00CF0562 /* ProfileService.swift */,
				CEF061322C2C7CE900CF0562 /* ProfileImageService.swift */,
			);
			path = Profile;
			sourceTree = "<group>";
		};
		CE914AB32C067EEB00525E75 /* SingleImageView */ = {
			isa = PBXGroup;
			children = (
				CE914AB12C06438400525E75 /* SingleImageViewController.swift */,
			);
			path = SingleImageView;
			sourceTree = "<group>";
		};
		CEF061052C11003200CF0562 /* Helpers */ = {
			isa = PBXGroup;
			children = (
				CEF061062C11004E00CF0562 /* Constants.swift */,
				CEF061122C15DDEC00CF0562 /* NetworkErrors.swift */,
				CEF061272C1DB15000CF0562 /* AuthServiceError.swift */,
			);
			path = Helpers;
			sourceTree = "<group>";
		};
		CEF061082C121B3900CF0562 /* Authentication */ = {
			isa = PBXGroup;
			children = (
				CEF061092C121B5A00CF0562 /* AuthViewController.swift */,
				CEF0610B2C12497C00CF0562 /* WebViewViewController.swift */,
				CEF061102C15A81E00CF0562 /* OAuth2Service.swift */,
				CEF061142C1785E400CF0562 /* NetworkClient.swift */,
				CEF061192C178D8200CF0562 /* OAuth2TokenStorage.swift */,
			);
			path = Authentication;
			sourceTree = "<group>";
		};
		CEF0610D2C14575B00CF0562 /* Protocols */ = {
			isa = PBXGroup;
			children = (
				CEF0610E2C14577400CF0562 /* WebViewViewControllerDelegate.swift */,
				CEF0611D2C1A3EAA00CF0562 /* AuthViewControllerDelegate.swift */,
			);
			path = Protocols;
			sourceTree = "<group>";
		};
		CEF061162C178B4000CF0562 /* Models */ = {
			isa = PBXGroup;
			children = (
				CEF061172C178B8000CF0562 /* OAuthTokenResponseBody.swift */,
				CEF0612E2C1E097B00CF0562 /* ProfileResponseBody.swift */,
				CEF061342C2C7FE400CF0562 /* ProfileImageResponseBody.swift */,
				CEF061302C1E09BE00CF0562 /* Profile.swift */,
			);
			path = Models;
			sourceTree = "<group>";
		};
		CEF061292C1DDA4B00CF0562 /* ProgressHUD */ = {
			isa = PBXGroup;
			children = (
				CEF0612A2C1DDA7B00CF0562 /* UIBlockingProgressHUD.swift */,
			);
			path = ProgressHUD;
			sourceTree = "<group>";
		};
/* End PBXGroup section */

/* Begin PBXNativeTarget section */
		CE6DA94A2BE3FB4200D08293 /* ImageFeed */ = {
			isa = PBXNativeTarget;
			buildConfigurationList = CE6DA95F2BE3FB4600D08293 /* Build configuration list for PBXNativeTarget "ImageFeed" */;
			buildPhases = (
				CE6DA9472BE3FB4200D08293 /* Sources */,
				CE6DA9482BE3FB4200D08293 /* Frameworks */,
				CE6DA9492BE3FB4200D08293 /* Resources */,
			);
			buildRules = (
			);
			dependencies = (
			);
			name = ImageFeed;
			packageProductDependencies = (
				CEF061252C1DA9B100CF0562 /* ProgressHUD */,
				CEF061372C2DFFA200CF0562 /* Kingfisher */,
				CEA1C4412C300A3E003DDA40 /* SwiftKeychainWrapper */,
			);
			productName = ImageFeed;
			productReference = CE6DA94B2BE3FB4200D08293 /* ImageFeed.app */;
			productType = "com.apple.product-type.application";
		};
/* End PBXNativeTarget section */

/* Begin PBXProject section */
		CE6DA9432BE3FB4100D08293 /* Project object */ = {
			isa = PBXProject;
			attributes = {
				BuildIndependentTargetsInParallel = 1;
				LastSwiftUpdateCheck = 1520;
				LastUpgradeCheck = 1520;
				TargetAttributes = {
					CE6DA94A2BE3FB4200D08293 = {
						CreatedOnToolsVersion = 15.2;
					};
				};
			};
			buildConfigurationList = CE6DA9462BE3FB4100D08293 /* Build configuration list for PBXProject "ImageFeed" */;
			compatibilityVersion = "Xcode 14.0";
			developmentRegion = en;
			hasScannedForEncodings = 0;
			knownRegions = (
				en,
				Base,
			);
			mainGroup = CE6DA9422BE3FB4100D08293;
			packageReferences = (
				CEF061242C1DA9B100CF0562 /* XCRemoteSwiftPackageReference "ProgressHUD" */,
				CEF061362C2DFFA200CF0562 /* XCRemoteSwiftPackageReference "Kingfisher" */,
				CEA1C4402C300A3E003DDA40 /* XCRemoteSwiftPackageReference "SwiftKeychainWrapper" */,
			);
			productRefGroup = CE6DA94C2BE3FB4200D08293 /* Products */;
			projectDirPath = "";
			projectRoot = "";
			targets = (
				CE6DA94A2BE3FB4200D08293 /* ImageFeed */,
			);
		};
/* End PBXProject section */

/* Begin PBXResourcesBuildPhase section */
		CE6DA9492BE3FB4200D08293 /* Resources */ = {
			isa = PBXResourcesBuildPhase;
			buildActionMask = 2147483647;
			files = (
				CE6DA95B2BE3FB4600D08293 /* LaunchScreen.storyboard in Resources */,
				CE6DA9582BE3FB4600D08293 /* Assets.xcassets in Resources */,
				CE6DA9562BE3FB4200D08293 /* Main.storyboard in Resources */,
			);
			runOnlyForDeploymentPostprocessing = 0;
		};
/* End PBXResourcesBuildPhase section */

/* Begin PBXSourcesBuildPhase section */
		CE6DA9472BE3FB4200D08293 /* Sources */ = {
			isa = PBXSourcesBuildPhase;
			buildActionMask = 2147483647;
			files = (
				CE6DA9532BE3FB4200D08293 /* ImagesListViewController.swift in Sources */,
				CE6DA9832BE7BA0700D08293 /* ImagesListCell.swift in Sources */,
				CEF061352C2C7FE400CF0562 /* ProfileImageResponseBody.swift in Sources */,
				CE914AAF2C04E85900525E75 /* ProfileViewController.swift in Sources */,
				CE6DA94F2BE3FB4200D08293 /* AppDelegate.swift in Sources */,
				CEF061112C15A81E00CF0562 /* OAuth2Service.swift in Sources */,
				CEF061132C15DDEC00CF0562 /* NetworkErrors.swift in Sources */,
				CEF0610A2C121B5A00CF0562 /* AuthViewController.swift in Sources */,
				CEF0611E2C1A3EAA00CF0562 /* AuthViewControllerDelegate.swift in Sources */,
				CEF061072C11004E00CF0562 /* Constants.swift in Sources */,
				CEF0612D2C1E07BA00CF0562 /* ProfileService.swift in Sources */,
				CEF0612B2C1DDA7B00CF0562 /* UIBlockingProgressHUD.swift in Sources */,
				CEF061332C2C7CE900CF0562 /* ProfileImageService.swift in Sources */,
				CEF061152C1785E400CF0562 /* NetworkClient.swift in Sources */,
				CE914AB22C06438400525E75 /* SingleImageViewController.swift in Sources */,
				CEF061182C178B8000CF0562 /* OAuthTokenResponseBody.swift in Sources */,
				CEF061282C1DB15000CF0562 /* AuthServiceError.swift in Sources */,
				CEF0610F2C14577400CF0562 /* WebViewViewControllerDelegate.swift in Sources */,
				CEF0611A2C178D8200CF0562 /* OAuth2TokenStorage.swift in Sources */,
				CEF0610C2C12497C00CF0562 /* WebViewViewController.swift in Sources */,
				CE6DA9512BE3FB4200D08293 /* SceneDelegate.swift in Sources */,
				CEF061312C1E09BE00CF0562 /* Profile.swift in Sources */,
				CEF0612F2C1E097B00CF0562 /* ProfileResponseBody.swift in Sources */,
				CEF0611C2C1A38D400CF0562 /* SplashViewController.swift in Sources */,
			);
			runOnlyForDeploymentPostprocessing = 0;
		};
/* End PBXSourcesBuildPhase section */

/* Begin PBXVariantGroup section */
		CE6DA9542BE3FB4200D08293 /* Main.storyboard */ = {
			isa = PBXVariantGroup;
			children = (
				CE6DA9552BE3FB4200D08293 /* Base */,
			);
			name = Main.storyboard;
			sourceTree = "<group>";
		};
		CE6DA9592BE3FB4600D08293 /* LaunchScreen.storyboard */ = {
			isa = PBXVariantGroup;
			children = (
				CE6DA95A2BE3FB4600D08293 /* Base */,
			);
			name = LaunchScreen.storyboard;
			sourceTree = "<group>";
		};
/* End PBXVariantGroup section */

/* Begin XCBuildConfiguration section */
		CE6DA95D2BE3FB4600D08293 /* Debug */ = {
			isa = XCBuildConfiguration;
			buildSettings = {
				ALWAYS_SEARCH_USER_PATHS = NO;
				ASSETCATALOG_COMPILER_GENERATE_SWIFT_ASSET_SYMBOL_EXTENSIONS = YES;
				CLANG_ANALYZER_NONNULL = YES;
				CLANG_ANALYZER_NUMBER_OBJECT_CONVERSION = YES_AGGRESSIVE;
				CLANG_CXX_LANGUAGE_STANDARD = "gnu++20";
				CLANG_ENABLE_MODULES = YES;
				CLANG_ENABLE_OBJC_ARC = YES;
				CLANG_ENABLE_OBJC_WEAK = YES;
				CLANG_WARN_BLOCK_CAPTURE_AUTORELEASING = YES;
				CLANG_WARN_BOOL_CONVERSION = YES;
				CLANG_WARN_COMMA = YES;
				CLANG_WARN_CONSTANT_CONVERSION = YES;
				CLANG_WARN_DEPRECATED_OBJC_IMPLEMENTATIONS = YES;
				CLANG_WARN_DIRECT_OBJC_ISA_USAGE = YES_ERROR;
				CLANG_WARN_DOCUMENTATION_COMMENTS = YES;
				CLANG_WARN_EMPTY_BODY = YES;
				CLANG_WARN_ENUM_CONVERSION = YES;
				CLANG_WARN_INFINITE_RECURSION = YES;
				CLANG_WARN_INT_CONVERSION = YES;
				CLANG_WARN_NON_LITERAL_NULL_CONVERSION = YES;
				CLANG_WARN_OBJC_IMPLICIT_RETAIN_SELF = YES;
				CLANG_WARN_OBJC_LITERAL_CONVERSION = YES;
				CLANG_WARN_OBJC_ROOT_CLASS = YES_ERROR;
				CLANG_WARN_QUOTED_INCLUDE_IN_FRAMEWORK_HEADER = YES;
				CLANG_WARN_RANGE_LOOP_ANALYSIS = YES;
				CLANG_WARN_STRICT_PROTOTYPES = YES;
				CLANG_WARN_SUSPICIOUS_MOVE = YES;
				CLANG_WARN_UNGUARDED_AVAILABILITY = YES_AGGRESSIVE;
				CLANG_WARN_UNREACHABLE_CODE = YES;
				CLANG_WARN__DUPLICATE_METHOD_MATCH = YES;
				COPY_PHASE_STRIP = NO;
				DEBUG_INFORMATION_FORMAT = dwarf;
				ENABLE_STRICT_OBJC_MSGSEND = YES;
				ENABLE_TESTABILITY = YES;
				ENABLE_USER_SCRIPT_SANDBOXING = YES;
				GCC_C_LANGUAGE_STANDARD = gnu17;
				GCC_DYNAMIC_NO_PIC = NO;
				GCC_NO_COMMON_BLOCKS = YES;
				GCC_OPTIMIZATION_LEVEL = 0;
				GCC_PREPROCESSOR_DEFINITIONS = (
					"DEBUG=1",
					"$(inherited)",
				);
				GCC_WARN_64_TO_32_BIT_CONVERSION = YES;
				GCC_WARN_ABOUT_RETURN_TYPE = YES_ERROR;
				GCC_WARN_UNDECLARED_SELECTOR = YES;
				GCC_WARN_UNINITIALIZED_AUTOS = YES_AGGRESSIVE;
				GCC_WARN_UNUSED_FUNCTION = YES;
				GCC_WARN_UNUSED_VARIABLE = YES;
				IPHONEOS_DEPLOYMENT_TARGET = 17.2;
				LOCALIZATION_PREFERS_STRING_CATALOGS = YES;
				MTL_ENABLE_DEBUG_INFO = INCLUDE_SOURCE;
				MTL_FAST_MATH = YES;
				ONLY_ACTIVE_ARCH = YES;
				SDKROOT = iphoneos;
				SWIFT_ACTIVE_COMPILATION_CONDITIONS = "DEBUG $(inherited)";
				SWIFT_OPTIMIZATION_LEVEL = "-Onone";
			};
			name = Debug;
		};
		CE6DA95E2BE3FB4600D08293 /* Release */ = {
			isa = XCBuildConfiguration;
			buildSettings = {
				ALWAYS_SEARCH_USER_PATHS = NO;
				ASSETCATALOG_COMPILER_GENERATE_SWIFT_ASSET_SYMBOL_EXTENSIONS = YES;
				CLANG_ANALYZER_NONNULL = YES;
				CLANG_ANALYZER_NUMBER_OBJECT_CONVERSION = YES_AGGRESSIVE;
				CLANG_CXX_LANGUAGE_STANDARD = "gnu++20";
				CLANG_ENABLE_MODULES = YES;
				CLANG_ENABLE_OBJC_ARC = YES;
				CLANG_ENABLE_OBJC_WEAK = YES;
				CLANG_WARN_BLOCK_CAPTURE_AUTORELEASING = YES;
				CLANG_WARN_BOOL_CONVERSION = YES;
				CLANG_WARN_COMMA = YES;
				CLANG_WARN_CONSTANT_CONVERSION = YES;
				CLANG_WARN_DEPRECATED_OBJC_IMPLEMENTATIONS = YES;
				CLANG_WARN_DIRECT_OBJC_ISA_USAGE = YES_ERROR;
				CLANG_WARN_DOCUMENTATION_COMMENTS = YES;
				CLANG_WARN_EMPTY_BODY = YES;
				CLANG_WARN_ENUM_CONVERSION = YES;
				CLANG_WARN_INFINITE_RECURSION = YES;
				CLANG_WARN_INT_CONVERSION = YES;
				CLANG_WARN_NON_LITERAL_NULL_CONVERSION = YES;
				CLANG_WARN_OBJC_IMPLICIT_RETAIN_SELF = YES;
				CLANG_WARN_OBJC_LITERAL_CONVERSION = YES;
				CLANG_WARN_OBJC_ROOT_CLASS = YES_ERROR;
				CLANG_WARN_QUOTED_INCLUDE_IN_FRAMEWORK_HEADER = YES;
				CLANG_WARN_RANGE_LOOP_ANALYSIS = YES;
				CLANG_WARN_STRICT_PROTOTYPES = YES;
				CLANG_WARN_SUSPICIOUS_MOVE = YES;
				CLANG_WARN_UNGUARDED_AVAILABILITY = YES_AGGRESSIVE;
				CLANG_WARN_UNREACHABLE_CODE = YES;
				CLANG_WARN__DUPLICATE_METHOD_MATCH = YES;
				COPY_PHASE_STRIP = NO;
				DEBUG_INFORMATION_FORMAT = "dwarf-with-dsym";
				ENABLE_NS_ASSERTIONS = NO;
				ENABLE_STRICT_OBJC_MSGSEND = YES;
				ENABLE_USER_SCRIPT_SANDBOXING = YES;
				GCC_C_LANGUAGE_STANDARD = gnu17;
				GCC_NO_COMMON_BLOCKS = YES;
				GCC_WARN_64_TO_32_BIT_CONVERSION = YES;
				GCC_WARN_ABOUT_RETURN_TYPE = YES_ERROR;
				GCC_WARN_UNDECLARED_SELECTOR = YES;
				GCC_WARN_UNINITIALIZED_AUTOS = YES_AGGRESSIVE;
				GCC_WARN_UNUSED_FUNCTION = YES;
				GCC_WARN_UNUSED_VARIABLE = YES;
				IPHONEOS_DEPLOYMENT_TARGET = 17.2;
				LOCALIZATION_PREFERS_STRING_CATALOGS = YES;
				MTL_ENABLE_DEBUG_INFO = NO;
				MTL_FAST_MATH = YES;
				SDKROOT = iphoneos;
				SWIFT_COMPILATION_MODE = wholemodule;
				VALIDATE_PRODUCT = YES;
			};
			name = Release;
		};
		CE6DA9602BE3FB4600D08293 /* Debug */ = {
			isa = XCBuildConfiguration;
			buildSettings = {
				ASSETCATALOG_COMPILER_APPICON_NAME = AppIcon;
				ASSETCATALOG_COMPILER_GLOBAL_ACCENT_COLOR_NAME = AccentColor;
				CODE_SIGN_STYLE = Automatic;
				CURRENT_PROJECT_VERSION = 1;
				DEVELOPMENT_TEAM = 36DY467P7Q;
				GENERATE_INFOPLIST_FILE = YES;
				INFOPLIST_FILE = ImageFeed/Info.plist;
				INFOPLIST_KEY_UIApplicationSupportsIndirectInputEvents = YES;
				INFOPLIST_KEY_UILaunchStoryboardName = LaunchScreen;
				INFOPLIST_KEY_UIMainStoryboardFile = Main;
				INFOPLIST_KEY_UISupportedInterfaceOrientations = UIInterfaceOrientationPortrait;
				IPHONEOS_DEPLOYMENT_TARGET = 13.0;
				LD_RUNPATH_SEARCH_PATHS = (
					"$(inherited)",
					"@executable_path/Frameworks",
				);
				MARKETING_VERSION = 1.0;
				PRODUCT_BUNDLE_IDENTIFIER = com.aa.moskovtsev.ImageFeed;
				PRODUCT_NAME = "$(TARGET_NAME)";
				SUPPORTED_PLATFORMS = "iphoneos iphonesimulator";
				SUPPORTS_MACCATALYST = NO;
				SUPPORTS_MAC_DESIGNED_FOR_IPHONE_IPAD = NO;
				SUPPORTS_XR_DESIGNED_FOR_IPHONE_IPAD = NO;
				SWIFT_EMIT_LOC_STRINGS = YES;
				SWIFT_VERSION = 5.0;
				TARGETED_DEVICE_FAMILY = 1;
			};
			name = Debug;
		};
		CE6DA9612BE3FB4600D08293 /* Release */ = {
			isa = XCBuildConfiguration;
			buildSettings = {
				ASSETCATALOG_COMPILER_APPICON_NAME = AppIcon;
				ASSETCATALOG_COMPILER_GLOBAL_ACCENT_COLOR_NAME = AccentColor;
				CODE_SIGN_STYLE = Automatic;
				CURRENT_PROJECT_VERSION = 1;
				DEVELOPMENT_TEAM = 36DY467P7Q;
				GENERATE_INFOPLIST_FILE = YES;
				INFOPLIST_FILE = ImageFeed/Info.plist;
				INFOPLIST_KEY_UIApplicationSupportsIndirectInputEvents = YES;
				INFOPLIST_KEY_UILaunchStoryboardName = LaunchScreen;
				INFOPLIST_KEY_UIMainStoryboardFile = Main;
				INFOPLIST_KEY_UISupportedInterfaceOrientations = UIInterfaceOrientationPortrait;
				IPHONEOS_DEPLOYMENT_TARGET = 13.0;
				LD_RUNPATH_SEARCH_PATHS = (
					"$(inherited)",
					"@executable_path/Frameworks",
				);
				MARKETING_VERSION = 1.0;
				PRODUCT_BUNDLE_IDENTIFIER = com.aa.moskovtsev.ImageFeed;
				PRODUCT_NAME = "$(TARGET_NAME)";
				SUPPORTED_PLATFORMS = "iphoneos iphonesimulator";
				SUPPORTS_MACCATALYST = NO;
				SUPPORTS_MAC_DESIGNED_FOR_IPHONE_IPAD = NO;
				SUPPORTS_XR_DESIGNED_FOR_IPHONE_IPAD = NO;
				SWIFT_EMIT_LOC_STRINGS = YES;
				SWIFT_VERSION = 5.0;
				TARGETED_DEVICE_FAMILY = 1;
			};
			name = Release;
		};
/* End XCBuildConfiguration section */

/* Begin XCConfigurationList section */
		CE6DA9462BE3FB4100D08293 /* Build configuration list for PBXProject "ImageFeed" */ = {
			isa = XCConfigurationList;
			buildConfigurations = (
				CE6DA95D2BE3FB4600D08293 /* Debug */,
				CE6DA95E2BE3FB4600D08293 /* Release */,
			);
			defaultConfigurationIsVisible = 0;
			defaultConfigurationName = Release;
		};
		CE6DA95F2BE3FB4600D08293 /* Build configuration list for PBXNativeTarget "ImageFeed" */ = {
			isa = XCConfigurationList;
			buildConfigurations = (
				CE6DA9602BE3FB4600D08293 /* Debug */,
				CE6DA9612BE3FB4600D08293 /* Release */,
			);
			defaultConfigurationIsVisible = 0;
			defaultConfigurationName = Release;
		};
/* End XCConfigurationList section */

/* Begin XCRemoteSwiftPackageReference section */
		CEA1C4402C300A3E003DDA40 /* XCRemoteSwiftPackageReference "SwiftKeychainWrapper" */ = {
			isa = XCRemoteSwiftPackageReference;
			repositoryURL = "https://github.com/jrendel/SwiftKeychainWrapper";
			requirement = {
				branch = develop;
				kind = branch;
			};
		};
		CEF061242C1DA9B100CF0562 /* XCRemoteSwiftPackageReference "ProgressHUD" */ = {
			isa = XCRemoteSwiftPackageReference;
			repositoryURL = "https://github.com/relatedcode/ProgressHUD.git";
			requirement = {
				kind = upToNextMajorVersion;
				minimumVersion = 14.1.3;
			};
		};
		CEF061362C2DFFA200CF0562 /* XCRemoteSwiftPackageReference "Kingfisher" */ = {
			isa = XCRemoteSwiftPackageReference;
			repositoryURL = "https://github.com/onevcat/Kingfisher.git";
			requirement = {
				kind = upToNextMajorVersion;
				minimumVersion = 7.12.0;
			};
		};
/* End XCRemoteSwiftPackageReference section */

/* Begin XCSwiftPackageProductDependency section */
		CEA1C4412C300A3E003DDA40 /* SwiftKeychainWrapper */ = {
			isa = XCSwiftPackageProductDependency;
			package = CEA1C4402C300A3E003DDA40 /* XCRemoteSwiftPackageReference "SwiftKeychainWrapper" */;
			productName = SwiftKeychainWrapper;
		};
		CEF061252C1DA9B100CF0562 /* ProgressHUD */ = {
			isa = XCSwiftPackageProductDependency;
			package = CEF061242C1DA9B100CF0562 /* XCRemoteSwiftPackageReference "ProgressHUD" */;
			productName = ProgressHUD;
		};
		CEF061372C2DFFA200CF0562 /* Kingfisher */ = {
			isa = XCSwiftPackageProductDependency;
			package = CEF061362C2DFFA200CF0562 /* XCRemoteSwiftPackageReference "Kingfisher" */;
			productName = Kingfisher;
		};
/* End XCSwiftPackageProductDependency section */
	};
	rootObject = CE6DA9432BE3FB4100D08293 /* Project object */;
}
